
Microsoft Visual Studio Solution File, Format Version 12.00
# Visual Studio Version 18
VisualStudioVersion = 18.3.11312.210
MinimumVisualStudioVersion = 10.0.40219.1
Project("{FAE04EC0-301F-11D3-BF4B-00C04F79EFBC}") = "ERP.Api", "ERP.Api\ERP.Api.csproj", "{F46C1D19-83B4-41BF-B17A-DF8C43AC2ACE}"
EndProject
Project("{FAE04EC0-301F-11D3-BF4B-00C04F79EFBC}") = "ERP.Workers", "ERP.Workers\ERP.Workers.csproj", "{DD010F95-B7AE-4BA7-9C8B-65DF33FB1259}"
EndProject
Project("{FAE04EC0-301F-11D3-BF4B-00C04F79EFBC}") = "ERP.Workers.Tests", "ERP.Workers.Tests\ERP.Workers.Tests.csproj", "{3B07FC47-FAFB-4DA4-861A-95D114B0FB35}"
EndProject
Project("{FAE04EC0-301F-11D3-BF4B-00C04F79EFBC}") = "ERP.Shared", "ERP.Shared\ERP.Shared.csproj", "{741F9091-C703-4F3F-B10D-6C87CDAD6469}"
EndProject
Project("{FAE04EC0-301F-11D3-BF4B-00C04F79EFBC}") = "ERP.Documents", "ERP.Documents\ERP.Documents.csproj", "{CFE9E600-228E-4FA2-9969-7DC75055BC56}"
EndProject
Project("{FAE04EC0-301F-11D3-BF4B-00C04F79EFBC}") = "ERP.Documents.Contracts", "ERP.Documents.Contracts\ERP.Documents.Contracts.csproj", "{931C0460-B308-4559-B1B6-ADBF032DB7A9}"
EndProject
Project("{FAE04EC0-301F-11D3-BF4B-00C04F79EFBC}") = "ERP.Modules.Identity", "ERP.Modules.Identity\ERP.Modules.Identity.csproj", "{E43EA797-441B-49CA-8792-1DB62BEC78FC}"
EndProject
Project("{FAE04EC0-301F-11D3-BF4B-00C04F79EFBC}") = "ERP.Modules.MasterData", "ERP.Modules.MasterData\ERP.Modules.MasterData.csproj", "{45F269D9-9461-40BC-B699-3C55520188B5}"
EndProject
Project("{FAE04EC0-301F-11D3-BF4B-00C04F79EFBC}") = "ERP.Modules.Inventory", "ERP.Modules.Inventory\ERP.Modules.Inventory.csproj", "{3E8B972E-1755-4D4E-9759-78E031D3B180}"
EndProject
Project("{FAE04EC0-301F-11D3-BF4B-00C04F79EFBC}") = "ERP.Modules.Inventory.WhiteBox.Tests", "ERP.Modules.Inventory.WhiteBox.Tests\ERP.Modules.Inventory.WhiteBox.Tests.csproj", "{45A1B45C-EFDF-4297-8CA3-897F89A6EE10}"
EndProject
Project("{FAE04EC0-301F-11D3-BF4B-00C04F79EFBC}") = "ERP.Modules.Rfid", "ERP.Modules.Rfid\ERP.Modules.Rfid.csproj", "{FD6810B7-AC40-4A5F-80C3-9DF01D0FF4B7}"
EndProject
Project("{FAE04EC0-301F-11D3-BF4B-00C04F79EFBC}") = "ERP.Modules.Rfid.WhiteBox.Tests", "ERP.Modules.Rfid.WhiteBox.Tests\ERP.Modules.Rfid.WhiteBox.Tests.csproj", "{B26FA147-4A14-4208-8223-66652C356BE3}"
EndProject
Project("{FAE04EC0-301F-11D3-BF4B-00C04F79EFBC}") = "ERP.Modules.Pricing", "ERP.Modules.Pricing\ERP.Modules.Pricing.csproj", "{C476C997-F61F-42D5-A396-241B6A46E97B}"
EndProject
Project("{FAE04EC0-301F-11D3-BF4B-00C04F79EFBC}") = "ERP.Modules.Purchasing", "ERP.Modules.Purchasing\ERP.Modules.Purchasing.csproj", "{3F6A58D5-31D1-4CAF-9DF4-6ADA9ED51554}"
EndProject
Project("{FAE04EC0-301F-11D3-BF4B-00C04F79EFBC}") = "ERP.Modules.Purchasing.WhiteBox.Tests", "ERP.Modules.Purchasing.WhiteBox.Tests\ERP.Modules.Purchasing.WhiteBox.Tests.csproj", "{9EAEEDBE-AACE-4DEB-B369-CB1B3FA6523D}"
EndProject
Project("{FAE04EC0-301F-11D3-BF4B-00C04F79EFBC}") = "ERP.Modules.Sales", "ERP.Modules.Sales\ERP.Modules.Sales.csproj", "{75B9ABC5-2A89-4FE1-AFA8-730F0F33F1CF}"
EndProject
Project("{FAE04EC0-301F-11D3-BF4B-00C04F79EFBC}") = "ERP.Modules.Billing", "ERP.Modules.Billing\ERP.Modules.Billing.csproj", "{6BE5C3C0-C633-43A8-8889-6D1396C32E3E}"
EndProject
Project("{FAE04EC0-301F-11D3-BF4B-00C04F79EFBC}") = "ERP.Modules.Accounting", "ERP.Modules.Accounting\ERP.Modules.Accounting.csproj", "{2425B700-E120-498E-BF5A-6970B6342398}"
EndProject
Project("{FAE04EC0-301F-11D3-BF4B-00C04F79EFBC}") = "ERP.Modules.Cash", "ERP.Modules.Cash\ERP.Modules.Cash.csproj", "{6FE025E2-C8F2-486E-A21C-2FB5B078685A}"
EndProject
Project("{FAE04EC0-301F-11D3-BF4B-00C04F79EFBC}") = "ERP.Modules.Integrations", "ERP.Modules.Integrations\ERP.Modules.Integrations.csproj", "{6EE41544-7C2B-4A0E-9DA3-DCAAC789547C}"
EndProject
Project("{FAE04EC0-301F-11D3-BF4B-00C04F79EFBC}") = "ERP.Modules.Subscriptions", "ERP.Modules.Subscriptions\ERP.Modules.Subscriptions.csproj", "{A9C250EF-D24F-466A-8C6C-AC6063990F8F}"
EndProject
Project("{FAE04EC0-301F-11D3-BF4B-00C04F79EFBC}") = "ERP.Modules.Tax", "ERP.Modules.Tax\ERP.Modules.Tax.csproj", "{9682B1FF-33E6-40A6-A482-F5933C862568}"
EndProject
Project("{FAE04EC0-301F-11D3-BF4B-00C04F79EFBC}") = "ERP.Modules.Finance", "ERP.Modules.Finance\ERP.Modules.Finance.csproj", "{3C68C507-C16A-4C0D-B343-0664EA795FC3}"
EndProject
Project("{FAE04EC0-301F-11D3-BF4B-00C04F79EFBC}") = "ERP.Modules.Users", "ERP.Modules.Users\ERP.Modules.Users.csproj", "{95E964CB-D13D-47D4-B804-6E9AF1B02CA9}"
EndProject
Project("{FAE04EC0-301F-11D3-BF4B-00C04F79EFBC}") = "ERP.Workflows", "ERP.Workflows\ERP.Workflows.csproj", "{82DEBFBA-DDCB-472D-8F81-0E5C9CF89195}"
EndProject
Project("{FAE04EC0-301F-11D3-BF4B-00C04F79EFBC}") = "ERP.Persistence", "ERP.Persistence\ERP.Persistence.csproj", "{CD07E9D6-DE88-4038-831A-B3C6693EB808}"
EndProject
Project("{FAE04EC0-301F-11D3-BF4B-00C04F79EFBC}") = "ERP.Modules.FixedAssets", "ERP.Modules.FixedAssets\ERP.Modules.FixedAssets.csproj", "{10CCB9D4-AFB8-4D0B-BF8C-458FBC55760A}"
EndProject
Project("{FAE04EC0-301F-11D3-BF4B-00C04F79EFBC}") = "ERP.Modules.MasterData.WhiteBox.Tests", "ERP.Modules.MasterData.WhiteBox.Tests\ERP.Modules.MasterData.WhiteBox.Tests.csproj", "{EE080825-8213-48F2-AA5A-8DF77B03E844}"
EndProject
Project("{FAE04EC0-301F-11D3-BF4B-00C04F79EFBC}") = "ERP.Modules.PharmaceuticalRegulatedInventory", "ERP.Modules.PharmaceuticalRegulatedInventory\ERP.Modules.PharmaceuticalRegulatedInventory.csproj", "{6AA94658-C4BE-4712-A15A-1C0E372D7CD2}"
EndProject
Project("{FAE04EC0-301F-11D3-BF4B-00C04F79EFBC}") = "ERP.Api.Integration.Tests", "ERP.Api.Integration.Tests\ERP.Api.Integration.Tests.csproj", "{D20445AD-59A5-48DA-AD4E-3811F24B7A88}"
EndProject
Project("{FAE04EC0-301F-11D3-BF4B-00C04F79EFBC}") = "ERP.Api.BlackBox.Tests", "ERP.Api.BlackBox.Tests\ERP.Api.BlackBox.Tests.csproj", "{C3C27AA8-E7F1-484C-A24C-5EEB51B52CB6}"
EndProject
Project("{FAE04EC0-301F-11D3-BF4B-00C04F79EFBC}") = "ERP.Modules.Identity.WhiteBox.Tests", "ERP.Modules.Identity.WhiteBox.Tests\ERP.Modules.Identity.WhiteBox.Tests.csproj", "{0DD0E2EB-0D8D-4892-8FD9-48A0219483FC}"
EndProject
Project("{FAE04EC0-301F-11D3-BF4B-00C04F79EFBC}") = "ERP.Workflows.WhiteBox.Tests", "ERP.Workflows.WhiteBox.Tests\ERP.Workflows.WhiteBox.Tests.csproj", "{8BA49DDB-DFED-461E-B727-B258B6E9D706}"
EndProject
Project("{FAE04EC0-301F-11D3-BF4B-00C04F79EFBC}") = "ERP.Architecture.Tests", "ERP.Architecture.Tests\ERP.Architecture.Tests.csproj", "{073407E6-49A3-414E-81D3-97AF3BFB1223}"
EndProject
Project("{FAE04EC0-301F-11D3-BF4B-00C04F79EFBC}") = "ERP.Modules.Accounting.Contracts", "ERP.Modules.Accounting.Contracts\ERP.Modules.Accounting.Contracts.csproj", "{D96C95B0-84EB-4363-A066-3B1BA2119A04}"
EndProject
Project("{FAE04EC0-301F-11D3-BF4B-00C04F79EFBC}") = "ERP.Modules.Billing.Contracts", "ERP.Modules.Billing.Contracts\ERP.Modules.Billing.Contracts.csproj", "{1654B0EF-AC68-4AF2-9A36-F4F9881BC60C}"
EndProject
Project("{FAE04EC0-301F-11D3-BF4B-00C04F79EFBC}") = "ERP.Modules.Cash.Contracts", "ERP.Modules.Cash.Contracts\ERP.Modules.Cash.Contracts.csproj", "{58182EF3-CF58-4EF2-942E-0B262678A0F1}"
EndProject
Project("{FAE04EC0-301F-11D3-BF4B-00C04F79EFBC}") = "ERP.Modules.Finance.Contracts", "ERP.Modules.Finance.Contracts\ERP.Modules.Finance.Contracts.csproj", "{9A27CF09-345D-426B-9CEA-3406EDBC892B}"
EndProject
Project("{FAE04EC0-301F-11D3-BF4B-00C04F79EFBC}") = "ERP.Modules.FixedAssets.Contracts", "ERP.Modules.FixedAssets.Contracts\ERP.Modules.FixedAssets.Contracts.csproj", "{F2CDFBB2-1773-46B2-9ACF-8CF25D084ECB}"
EndProject
Project("{FAE04EC0-301F-11D3-BF4B-00C04F79EFBC}") = "ERP.Modules.Identity.Contracts", "ERP.Modules.Identity.Contracts\ERP.Modules.Identity.Contracts.csproj", "{D17141A7-C23D-4A8D-814A-79044510F993}"
EndProject
Project("{FAE04EC0-301F-11D3-BF4B-00C04F79EFBC}") = "ERP.Modules.Integrations.Contracts", "ERP.Modules.Integrations.Contracts\ERP.Modules.Integrations.Contracts.csproj", "{22019386-E3B9-4BD4-8E5D-DB076CA192BF}"
EndProject
Project("{FAE04EC0-301F-11D3-BF4B-00C04F79EFBC}") = "ERP.Modules.Inventory.Contracts", "ERP.Modules.Inventory.Contracts\ERP.Modules.Inventory.Contracts.csproj", "{A91A8430-557B-4406-92FE-3F8A258F4D7A}"
EndProject
Project("{FAE04EC0-301F-11D3-BF4B-00C04F79EFBC}") = "ERP.Modules.MasterData.Contracts", "ERP.Modules.MasterData.Contracts\ERP.Modules.MasterData.Contracts.csproj", "{C65A4375-88BF-4BFD-B803-A03FD039CD88}"
EndProject
Project("{FAE04EC0-301F-11D3-BF4B-00C04F79EFBC}") = "ERP.Modules.PharmaceuticalRegulatedInventory.Contracts", "ERP.Modules.PharmaceuticalRegulatedInventory.Contracts\ERP.Modules.PharmaceuticalRegulatedInventory.Contracts.csproj", "{AFD9C891-CA1E-4DD5-9100-EDA0C67337CC}"
EndProject
Project("{FAE04EC0-301F-11D3-BF4B-00C04F79EFBC}") = "ERP.Workflows.Contracts", "ERP.Workflows.Contracts\ERP.Workflows.Contracts.csproj", "{4E61CE61-D156-4A96-B6F3-A8ED08ABE952}"
EndProject
Project("{FAE04EC0-301F-11D3-BF4B-00C04F79EFBC}") = "ERP.Modules.Pricing.Contracts", "ERP.Modules.Pricing.Contracts\ERP.Modules.Pricing.Contracts.csproj", "{411C703B-02EC-4784-B97B-592537CABF90}"
EndProject
Project("{FAE04EC0-301F-11D3-BF4B-00C04F79EFBC}") = "ERP.Modules.Purchasing.Contracts", "ERP.Modules.Purchasing.Contracts\ERP.Modules.Purchasing.Contracts.csproj", "{2DBF4EBA-80E2-4256-822F-7247A05CB9F9}"
EndProject
Project("{FAE04EC0-301F-11D3-BF4B-00C04F79EFBC}") = "ERP.Modules.Sales.Contracts", "ERP.Modules.Sales.Contracts\ERP.Modules.Sales.Contracts.csproj", "{53870AF0-5DF4-4EBE-9D30-02E598BF738B}"
EndProject
Project("{FAE04EC0-301F-11D3-BF4B-00C04F79EFBC}") = "ERP.Modules.Tax.Contracts", "ERP.Modules.Tax.Contracts\ERP.Modules.Tax.Contracts.csproj", "{84BD587E-DA0D-4922-ADDF-CA751301928D}"
EndProject
Project("{FAE04EC0-301F-11D3-BF4B-00C04F79EFBC}") = "ERP.Modules.Users.Contracts", "ERP.Modules.Users.Contracts\ERP.Modules.Users.Contracts.csproj", "{8EB7503A-4C07-4DBC-A04A-2534EA26CFDC}"
EndProject
Project("{FAE04EC0-301F-11D3-BF4B-00C04F79EFBC}") = "ERP.Modules.Wms", "ERP.Modules.Wms\ERP.Modules.Wms.csproj", "{7B93459E-204B-4FD0-A769-39FBFC7AC1C6}"
EndProject
Project("{FAE04EC0-301F-11D3-BF4B-00C04F79EFBC}") = "ERP.Modules.Wms.Contracts", "ERP.Modules.Wms.Contracts\ERP.Modules.Wms.Contracts.csproj", "{C9B9D47D-F813-4562-AB83-86BE15BC0BD4}"
EndProject
Project("{FAE04EC0-301F-11D3-BF4B-00C04F79EFBC}") = "ERP.Notifications.Contracts", "ERP.Notifications.Contracts\ERP.Notifications.Contracts.csproj", "{926429A3-66EB-4ABC-99BA-9B7D33AA7B67}"
EndProject
Project("{FAE04EC0-301F-11D3-BF4B-00C04F79EFBC}") = "ERP.Notifications", "ERP.Notifications\ERP.Notifications.csproj", "{D67E3FF8-D5A5-4E26-91DE-2EA928970C27}"
EndProject
Project("{FAE04EC0-301F-11D3-BF4B-00C04F79EFBC}") = "ERP.Modules.Wsu", "ERP.Modules.Wsu\ERP.Modules.Wsu.csproj", "{D3FD4FB4-980E-443B-BE60-FF3A3EDEE60E}"
EndProject
Project("{FAE04EC0-301F-11D3-BF4B-00C04F79EFBC}") = "ERP.EdgePublicApi", "ERP.EdgePublicApi\ERP.EdgePublicApi.csproj", "{AB901ED8-35C8-4BCD-87E6-32CE386330A6}"
EndProject
Project("{FAE04EC0-301F-11D3-BF4B-00C04F79EFBC}") = "ERP.EdgePublicApi.Integration.Tests", "ERP.EdgePublicApi.Integration.Tests\ERP.EdgePublicApi.Integration.Tests.csproj", "{AFCA2707-87BA-4703-8F92-634A9F186383}"
EndProject
Global
	GlobalSection(SolutionConfigurationPlatforms) = preSolution
		Debug|Any CPU = Debug|Any CPU
		Debug|x64 = Debug|x64
		Debug|x86 = Debug|x86
		Release|Any CPU = Release|Any CPU
		Release|x64 = Release|x64
		Release|x86 = Release|x86
	EndGlobalSection
	GlobalSection(ProjectConfigurationPlatforms) = postSolution
		{F46C1D19-83B4-41BF-B17A-DF8C43AC2ACE}.Debug|Any CPU.ActiveCfg = Debug|Any CPU
		{F46C1D19-83B4-41BF-B17A-DF8C43AC2ACE}.Debug|Any CPU.Build.0 = Debug|Any CPU
		{F46C1D19-83B4-41BF-B17A-DF8C43AC2ACE}.Debug|x64.ActiveCfg = Debug|Any CPU
		{F46C1D19-83B4-41BF-B17A-DF8C43AC2ACE}.Debug|x64.Build.0 = Debug|Any CPU
		{F46C1D19-83B4-41BF-B17A-DF8C43AC2ACE}.Debug|x86.ActiveCfg = Debug|Any CPU
		{F46C1D19-83B4-41BF-B17A-DF8C43AC2ACE}.Debug|x86.Build.0 = Debug|Any CPU
		{F46C1D19-83B4-41BF-B17A-DF8C43AC2ACE}.Release|Any CPU.ActiveCfg = Release|Any CPU
		{F46C1D19-83B4-41BF-B17A-DF8C43AC2ACE}.Release|Any CPU.Build.0 = Release|Any CPU
		{F46C1D19-83B4-41BF-B17A-DF8C43AC2ACE}.Release|x64.ActiveCfg = Release|Any CPU
		{F46C1D19-83B4-41BF-B17A-DF8C43AC2ACE}.Release|x64.Build.0 = Release|Any CPU
		{F46C1D19-83B4-41BF-B17A-DF8C43AC2ACE}.Release|x86.ActiveCfg = Release|Any CPU
		{F46C1D19-83B4-41BF-B17A-DF8C43AC2ACE}.Release|x86.Build.0 = Release|Any CPU
		{DD010F95-B7AE-4BA7-9C8B-65DF33FB1259}.Debug|Any CPU.ActiveCfg = Debug|Any CPU
		{DD010F95-B7AE-4BA7-9C8B-65DF33FB1259}.Debug|Any CPU.Build.0 = Debug|Any CPU
		{DD010F95-B7AE-4BA7-9C8B-65DF33FB1259}.Debug|x64.ActiveCfg = Debug|Any CPU
		{DD010F95-B7AE-4BA7-9C8B-65DF33FB1259}.Debug|x64.Build.0 = Debug|Any CPU
		{DD010F95-B7AE-4BA7-9C8B-65DF33FB1259}.Debug|x86.ActiveCfg = Debug|Any CPU
		{DD010F95-B7AE-4BA7-9C8B-65DF33FB1259}.Debug|x86.Build.0 = Debug|Any CPU
		{DD010F95-B7AE-4BA7-9C8B-65DF33FB1259}.Release|Any CPU.ActiveCfg = Release|Any CPU
		{DD010F95-B7AE-4BA7-9C8B-65DF33FB1259}.Release|Any CPU.Build.0 = Release|Any CPU
		{DD010F95-B7AE-4BA7-9C8B-65DF33FB1259}.Release|x64.ActiveCfg = Release|Any CPU
		{DD010F95-B7AE-4BA7-9C8B-65DF33FB1259}.Release|x64.Build.0 = Release|Any CPU
		{DD010F95-B7AE-4BA7-9C8B-65DF33FB1259}.Release|x86.ActiveCfg = Release|Any CPU
		{DD010F95-B7AE-4BA7-9C8B-65DF33FB1259}.Release|x86.Build.0 = Release|Any CPU
		{3B07FC47-FAFB-4DA4-861A-95D114B0FB35}.Debug|Any CPU.ActiveCfg = Debug|Any CPU
		{3B07FC47-FAFB-4DA4-861A-95D114B0FB35}.Debug|Any CPU.Build.0 = Debug|Any CPU
		{3B07FC47-FAFB-4DA4-861A-95D114B0FB35}.Debug|x64.ActiveCfg = Debug|Any CPU
		{3B07FC47-FAFB-4DA4-861A-95D114B0FB35}.Debug|x64.Build.0 = Debug|Any CPU
		{3B07FC47-FAFB-4DA4-861A-95D114B0FB35}.Debug|x86.ActiveCfg = Debug|Any CPU
		{3B07FC47-FAFB-4DA4-861A-95D114B0FB35}.Debug|x86.Build.0 = Debug|Any CPU
		{3B07FC47-FAFB-4DA4-861A-95D114B0FB35}.Release|Any CPU.ActiveCfg = Release|Any CPU
		{3B07FC47-FAFB-4DA4-861A-95D114B0FB35}.Release|Any CPU.Build.0 = Release|Any CPU
		{3B07FC47-FAFB-4DA4-861A-95D114B0FB35}.Release|x64.ActiveCfg = Release|Any CPU
		{3B07FC47-FAFB-4DA4-861A-95D114B0FB35}.Release|x64.Build.0 = Release|Any CPU
		{3B07FC47-FAFB-4DA4-861A-95D114B0FB35}.Release|x86.ActiveCfg = Release|Any CPU
		{3B07FC47-FAFB-4DA4-861A-95D114B0FB35}.Release|x86.Build.0 = Release|Any CPU
		{741F9091-C703-4F3F-B10D-6C87CDAD6469}.Debug|Any CPU.ActiveCfg = Debug|Any CPU
		{741F9091-C703-4F3F-B10D-6C87CDAD6469}.Debug|Any CPU.Build.0 = Debug|Any CPU
		{741F9091-C703-4F3F-B10D-6C87CDAD6469}.Debug|x64.ActiveCfg = Debug|Any CPU
		{741F9091-C703-4F3F-B10D-6C87CDAD6469}.Debug|x64.Build.0 = Debug|Any CPU
		{741F9091-C703-4F3F-B10D-6C87CDAD6469}.Debug|x86.ActiveCfg = Debug|Any CPU
		{741F9091-C703-4F3F-B10D-6C87CDAD6469}.Debug|x86.Build.0 = Debug|Any CPU
		{741F9091-C703-4F3F-B10D-6C87CDAD6469}.Release|Any CPU.ActiveCfg = Release|Any CPU
		{741F9091-C703-4F3F-B10D-6C87CDAD6469}.Release|Any CPU.Build.0 = Release|Any CPU
		{741F9091-C703-4F3F-B10D-6C87CDAD6469}.Release|x64.ActiveCfg = Release|Any CPU
		{741F9091-C703-4F3F-B10D-6C87CDAD6469}.Release|x64.Build.0 = Release|Any CPU
		{741F9091-C703-4F3F-B10D-6C87CDAD6469}.Release|x86.ActiveCfg = Release|Any CPU
		{741F9091-C703-4F3F-B10D-6C87CDAD6469}.Release|x86.Build.0 = Release|Any CPU
		{CFE9E600-228E-4FA2-9969-7DC75055BC56}.Debug|Any CPU.ActiveCfg = Debug|Any CPU
		{CFE9E600-228E-4FA2-9969-7DC75055BC56}.Debug|Any CPU.Build.0 = Debug|Any CPU
		{CFE9E600-228E-4FA2-9969-7DC75055BC56}.Debug|x64.ActiveCfg = Debug|Any CPU
		{CFE9E600-228E-4FA2-9969-7DC75055BC56}.Debug|x64.Build.0 = Debug|Any CPU
		{CFE9E600-228E-4FA2-9969-7DC75055BC56}.Debug|x86.ActiveCfg = Debug|Any CPU
		{CFE9E600-228E-4FA2-9969-7DC75055BC56}.Debug|x86.Build.0 = Debug|Any CPU
		{CFE9E600-228E-4FA2-9969-7DC75055BC56}.Release|Any CPU.ActiveCfg = Release|Any CPU
		{CFE9E600-228E-4FA2-9969-7DC75055BC56}.Release|Any CPU.Build.0 = Release|Any CPU
		{CFE9E600-228E-4FA2-9969-7DC75055BC56}.Release|x64.ActiveCfg = Release|Any CPU
		{CFE9E600-228E-4FA2-9969-7DC75055BC56}.Release|x64.Build.0 = Release|Any CPU
		{CFE9E600-228E-4FA2-9969-7DC75055BC56}.Release|x86.ActiveCfg = Release|Any CPU
		{CFE9E600-228E-4FA2-9969-7DC75055BC56}.Release|x86.Build.0 = Release|Any CPU
		{931C0460-B308-4559-B1B6-ADBF032DB7A9}.Debug|Any CPU.ActiveCfg = Debug|Any CPU
		{931C0460-B308-4559-B1B6-ADBF032DB7A9}.Debug|Any CPU.Build.0 = Debug|Any CPU
		{931C0460-B308-4559-B1B6-ADBF032DB7A9}.Debug|x64.ActiveCfg = Debug|Any CPU
		{931C0460-B308-4559-B1B6-ADBF032DB7A9}.Debug|x64.Build.0 = Debug|Any CPU
		{931C0460-B308-4559-B1B6-ADBF032DB7A9}.Debug|x86.ActiveCfg = Debug|Any CPU
		{931C0460-B308-4559-B1B6-ADBF032DB7A9}.Debug|x86.Build.0 = Debug|Any CPU
		{931C0460-B308-4559-B1B6-ADBF032DB7A9}.Release|Any CPU.ActiveCfg = Release|Any CPU
		{931C0460-B308-4559-B1B6-ADBF032DB7A9}.Release|Any CPU.Build.0 = Release|Any CPU
		{931C0460-B308-4559-B1B6-ADBF032DB7A9}.Release|x64.ActiveCfg = Release|Any CPU
		{931C0460-B308-4559-B1B6-ADBF032DB7A9}.Release|x64.Build.0 = Release|Any CPU
		{931C0460-B308-4559-B1B6-ADBF032DB7A9}.Release|x86.ActiveCfg = Release|Any CPU
		{931C0460-B308-4559-B1B6-ADBF032DB7A9}.Release|x86.Build.0 = Release|Any CPU
		{E43EA797-441B-49CA-8792-1DB62BEC78FC}.Debug|Any CPU.ActiveCfg = Debug|Any CPU
		{E43EA797-441B-49CA-8792-1DB62BEC78FC}.Debug|Any CPU.Build.0 = Debug|Any CPU
		{E43EA797-441B-49CA-8792-1DB62BEC78FC}.Debug|x64.ActiveCfg = Debug|Any CPU
		{E43EA797-441B-49CA-8792-1DB62BEC78FC}.Debug|x64.Build.0 = Debug|Any CPU
		{E43EA797-441B-49CA-8792-1DB62BEC78FC}.Debug|x86.ActiveCfg = Debug|Any CPU
		{E43EA797-441B-49CA-8792-1DB62BEC78FC}.Debug|x86.Build.0 = Debug|Any CPU
		{E43EA797-441B-49CA-8792-1DB62BEC78FC}.Release|Any CPU.ActiveCfg = Release|Any CPU
		{E43EA797-441B-49CA-8792-1DB62BEC78FC}.Release|Any CPU.Build.0 = Release|Any CPU
		{E43EA797-441B-49CA-8792-1DB62BEC78FC}.Release|x64.ActiveCfg = Release|Any CPU
		{E43EA797-441B-49CA-8792-1DB62BEC78FC}.Release|x64.Build.0 = Release|Any CPU
		{E43EA797-441B-49CA-8792-1DB62BEC78FC}.Release|x86.ActiveCfg = Release|Any CPU
		{E43EA797-441B-49CA-8792-1DB62BEC78FC}.Release|x86.Build.0 = Release|Any CPU
		{45F269D9-9461-40BC-B699-3C55520188B5}.Debug|Any CPU.ActiveCfg = Debug|Any CPU
		{45F269D9-9461-40BC-B699-3C55520188B5}.Debug|Any CPU.Build.0 = Debug|Any CPU
		{45F269D9-9461-40BC-B699-3C55520188B5}.Debug|x64.ActiveCfg = Debug|Any CPU
		{45F269D9-9461-40BC-B699-3C55520188B5}.Debug|x64.Build.0 = Debug|Any CPU
		{45F269D9-9461-40BC-B699-3C55520188B5}.Debug|x86.ActiveCfg = Debug|Any CPU
		{45F269D9-9461-40BC-B699-3C55520188B5}.Debug|x86.Build.0 = Debug|Any CPU
		{45F269D9-9461-40BC-B699-3C55520188B5}.Release|Any CPU.ActiveCfg = Release|Any CPU
		{45F269D9-9461-40BC-B699-3C55520188B5}.Release|Any CPU.Build.0 = Release|Any CPU
		{45F269D9-9461-40BC-B699-3C55520188B5}.Release|x64.ActiveCfg = Release|Any CPU
		{45F269D9-9461-40BC-B699-3C55520188B5}.Release|x64.Build.0 = Release|Any CPU
		{45F269D9-9461-40BC-B699-3C55520188B5}.Release|x86.ActiveCfg = Release|Any CPU
		{45F269D9-9461-40BC-B699-3C55520188B5}.Release|x86.Build.0 = Release|Any CPU
		{3E8B972E-1755-4D4E-9759-78E031D3B180}.Debug|Any CPU.ActiveCfg = Debug|Any CPU
		{3E8B972E-1755-4D4E-9759-78E031D3B180}.Debug|Any CPU.Build.0 = Debug|Any CPU
		{3E8B972E-1755-4D4E-9759-78E031D3B180}.Debug|x64.ActiveCfg = Debug|Any CPU
		{3E8B972E-1755-4D4E-9759-78E031D3B180}.Debug|x64.Build.0 = Debug|Any CPU
		{3E8B972E-1755-4D4E-9759-78E031D3B180}.Debug|x86.ActiveCfg = Debug|Any CPU
		{3E8B972E-1755-4D4E-9759-78E031D3B180}.Debug|x86.Build.0 = Debug|Any CPU
		{3E8B972E-1755-4D4E-9759-78E031D3B180}.Release|Any CPU.ActiveCfg = Release|Any CPU
		{3E8B972E-1755-4D4E-9759-78E031D3B180}.Release|Any CPU.Build.0 = Release|Any CPU
		{3E8B972E-1755-4D4E-9759-78E031D3B180}.Release|x64.ActiveCfg = Release|Any CPU
		{3E8B972E-1755-4D4E-9759-78E031D3B180}.Release|x64.Build.0 = Release|Any CPU
		{3E8B972E-1755-4D4E-9759-78E031D3B180}.Release|x86.ActiveCfg = Release|Any CPU
		{3E8B972E-1755-4D4E-9759-78E031D3B180}.Release|x86.Build.0 = Release|Any CPU
		{45A1B45C-EFDF-4297-8CA3-897F89A6EE10}.Debug|Any CPU.ActiveCfg = Debug|Any CPU
		{45A1B45C-EFDF-4297-8CA3-897F89A6EE10}.Debug|Any CPU.Build.0 = Debug|Any CPU
		{45A1B45C-EFDF-4297-8CA3-897F89A6EE10}.Debug|x64.ActiveCfg = Debug|Any CPU
		{45A1B45C-EFDF-4297-8CA3-897F89A6EE10}.Debug|x64.Build.0 = Debug|Any CPU
		{45A1B45C-EFDF-4297-8CA3-897F89A6EE10}.Debug|x86.ActiveCfg = Debug|Any CPU
		{45A1B45C-EFDF-4297-8CA3-897F89A6EE10}.Debug|x86.Build.0 = Debug|Any CPU
		{45A1B45C-EFDF-4297-8CA3-897F89A6EE10}.Release|Any CPU.ActiveCfg = Release|Any CPU
		{45A1B45C-EFDF-4297-8CA3-897F89A6EE10}.Release|Any CPU.Build.0 = Release|Any CPU
		{45A1B45C-EFDF-4297-8CA3-897F89A6EE10}.Release|x64.ActiveCfg = Release|Any CPU
		{45A1B45C-EFDF-4297-8CA3-897F89A6EE10}.Release|x64.Build.0 = Release|Any CPU
		{45A1B45C-EFDF-4297-8CA3-897F89A6EE10}.Release|x86.ActiveCfg = Release|Any CPU
		{45A1B45C-EFDF-4297-8CA3-897F89A6EE10}.Release|x86.Build.0 = Release|Any CPU
		{FD6810B7-AC40-4A5F-80C3-9DF01D0FF4B7}.Debug|Any CPU.ActiveCfg = Debug|Any CPU
		{FD6810B7-AC40-4A5F-80C3-9DF01D0FF4B7}.Debug|Any CPU.Build.0 = Debug|Any CPU
		{FD6810B7-AC40-4A5F-80C3-9DF01D0FF4B7}.Debug|x64.ActiveCfg = Debug|Any CPU
		{FD6810B7-AC40-4A5F-80C3-9DF01D0FF4B7}.Debug|x64.Build.0 = Debug|Any CPU
		{FD6810B7-AC40-4A5F-80C3-9DF01D0FF4B7}.Debug|x86.ActiveCfg = Debug|Any CPU
		{FD6810B7-AC40-4A5F-80C3-9DF01D0FF4B7}.Debug|x86.Build.0 = Debug|Any CPU
		{FD6810B7-AC40-4A5F-80C3-9DF01D0FF4B7}.Release|Any CPU.ActiveCfg = Release|Any CPU
		{FD6810B7-AC40-4A5F-80C3-9DF01D0FF4B7}.Release|Any CPU.Build.0 = Release|Any CPU
		{FD6810B7-AC40-4A5F-80C3-9DF01D0FF4B7}.Release|x64.ActiveCfg = Release|Any CPU
		{FD6810B7-AC40-4A5F-80C3-9DF01D0FF4B7}.Release|x64.Build.0 = Release|Any CPU
		{FD6810B7-AC40-4A5F-80C3-9DF01D0FF4B7}.Release|x86.ActiveCfg = Release|Any CPU
		{FD6810B7-AC40-4A5F-80C3-9DF01D0FF4B7}.Release|x86.Build.0 = Release|Any CPU
		{B26FA147-4A14-4208-8223-66652C356BE3}.Debug|Any CPU.ActiveCfg = Debug|Any CPU
		{B26FA147-4A14-4208-8223-66652C356BE3}.Debug|Any CPU.Build.0 = Debug|Any CPU
		{B26FA147-4A14-4208-8223-66652C356BE3}.Debug|x64.ActiveCfg = Debug|Any CPU
		{B26FA147-4A14-4208-8223-66652C356BE3}.Debug|x64.Build.0 = Debug|Any CPU
		{B26FA147-4A14-4208-8223-66652C356BE3}.Debug|x86.ActiveCfg = Debug|Any CPU
		{B26FA147-4A14-4208-8223-66652C356BE3}.Debug|x86.Build.0 = Debug|Any CPU
		{B26FA147-4A14-4208-8223-66652C356BE3}.Release|Any CPU.ActiveCfg = Release|Any CPU
		{B26FA147-4A14-4208-8223-66652C356BE3}.Release|Any CPU.Build.0 = Release|Any CPU
		{B26FA147-4A14-4208-8223-66652C356BE3}.Release|x64.ActiveCfg = Release|Any CPU
		{B26FA147-4A14-4208-8223-66652C356BE3}.Release|x64.Build.0 = Release|Any CPU
		{B26FA147-4A14-4208-8223-66652C356BE3}.Release|x86.ActiveCfg = Release|Any CPU
		{B26FA147-4A14-4208-8223-66652C356BE3}.Release|x86.Build.0 = Release|Any CPU
		{C476C997-F61F-42D5-A396-241B6A46E97B}.Debug|Any CPU.ActiveCfg = Debug|Any CPU
		{C476C997-F61F-42D5-A396-241B6A46E97B}.Debug|Any CPU.Build.0 = Debug|Any CPU
		{C476C997-F61F-42D5-A396-241B6A46E97B}.Debug|x64.ActiveCfg = Debug|Any CPU
		{C476C997-F61F-42D5-A396-241B6A46E97B}.Debug|x64.Build.0 = Debug|Any CPU
		{C476C997-F61F-42D5-A396-241B6A46E97B}.Debug|x86.ActiveCfg = Debug|Any CPU
		{C476C997-F61F-42D5-A396-241B6A46E97B}.Debug|x86.Build.0 = Debug|Any CPU
		{C476C997-F61F-42D5-A396-241B6A46E97B}.Release|Any CPU.ActiveCfg = Release|Any CPU
		{C476C997-F61F-42D5-A396-241B6A46E97B}.Release|Any CPU.Build.0 = Release|Any CPU
		{C476C997-F61F-42D5-A396-241B6A46E97B}.Release|x64.ActiveCfg = Release|Any CPU
		{C476C997-F61F-42D5-A396-241B6A46E97B}.Release|x64.Build.0 = Release|Any CPU
		{C476C997-F61F-42D5-A396-241B6A46E97B}.Release|x86.ActiveCfg = Release|Any CPU
		{C476C997-F61F-42D5-A396-241B6A46E97B}.Release|x86.Build.0 = Release|Any CPU
		{3F6A58D5-31D1-4CAF-9DF4-6ADA9ED51554}.Debug|Any CPU.ActiveCfg = Debug|Any CPU
		{3F6A58D5-31D1-4CAF-9DF4-6ADA9ED51554}.Debug|Any CPU.Build.0 = Debug|Any CPU
		{3F6A58D5-31D1-4CAF-9DF4-6ADA9ED51554}.Debug|x64.ActiveCfg = Debug|Any CPU
		{3F6A58D5-31D1-4CAF-9DF4-6ADA9ED51554}.Debug|x64.Build.0 = Debug|Any CPU
		{3F6A58D5-31D1-4CAF-9DF4-6ADA9ED51554}.Debug|x86.ActiveCfg = Debug|Any CPU
		{3F6A58D5-31D1-4CAF-9DF4-6ADA9ED51554}.Debug|x86.Build.0 = Debug|Any CPU
		{3F6A58D5-31D1-4CAF-9DF4-6ADA9ED51554}.Release|Any CPU.ActiveCfg = Release|Any CPU
		{3F6A58D5-31D1-4CAF-9DF4-6ADA9ED51554}.Release|Any CPU.Build.0 = Release|Any CPU
		{3F6A58D5-31D1-4CAF-9DF4-6ADA9ED51554}.Release|x64.ActiveCfg = Release|Any CPU
		{3F6A58D5-31D1-4CAF-9DF4-6ADA9ED51554}.Release|x64.Build.0 = Release|Any CPU
		{3F6A58D5-31D1-4CAF-9DF4-6ADA9ED51554}.Release|x86.ActiveCfg = Release|Any CPU
		{3F6A58D5-31D1-4CAF-9DF4-6ADA9ED51554}.Release|x86.Build.0 = Release|Any CPU
		{9EAEEDBE-AACE-4DEB-B369-CB1B3FA6523D}.Debug|Any CPU.ActiveCfg = Debug|Any CPU
		{9EAEEDBE-AACE-4DEB-B369-CB1B3FA6523D}.Debug|Any CPU.Build.0 = Debug|Any CPU
		{9EAEEDBE-AACE-4DEB-B369-CB1B3FA6523D}.Debug|x64.ActiveCfg = Debug|Any CPU
		{9EAEEDBE-AACE-4DEB-B369-CB1B3FA6523D}.Debug|x64.Build.0 = Debug|Any CPU
		{9EAEEDBE-AACE-4DEB-B369-CB1B3FA6523D}.Debug|x86.ActiveCfg = Debug|Any CPU
		{9EAEEDBE-AACE-4DEB-B369-CB1B3FA6523D}.Debug|x86.Build.0 = Debug|Any CPU
		{9EAEEDBE-AACE-4DEB-B369-CB1B3FA6523D}.Release|Any CPU.ActiveCfg = Release|Any CPU
		{9EAEEDBE-AACE-4DEB-B369-CB1B3FA6523D}.Release|Any CPU.Build.0 = Release|Any CPU
		{9EAEEDBE-AACE-4DEB-B369-CB1B3FA6523D}.Release|x64.ActiveCfg = Release|Any CPU
		{9EAEEDBE-AACE-4DEB-B369-CB1B3FA6523D}.Release|x64.Build.0 = Release|Any CPU
		{9EAEEDBE-AACE-4DEB-B369-CB1B3FA6523D}.Release|x86.ActiveCfg = Release|Any CPU
		{9EAEEDBE-AACE-4DEB-B369-CB1B3FA6523D}.Release|x86.Build.0 = Release|Any CPU
		{75B9ABC5-2A89-4FE1-AFA8-730F0F33F1CF}.Debug|Any CPU.ActiveCfg = Debug|Any CPU
		{75B9ABC5-2A89-4FE1-AFA8-730F0F33F1CF}.Debug|Any CPU.Build.0 = Debug|Any CPU
		{75B9ABC5-2A89-4FE1-AFA8-730F0F33F1CF}.Debug|x64.ActiveCfg = Debug|Any CPU
		{75B9ABC5-2A89-4FE1-AFA8-730F0F33F1CF}.Debug|x64.Build.0 = Debug|Any CPU
		{75B9ABC5-2A89-4FE1-AFA8-730F0F33F1CF}.Debug|x86.ActiveCfg = Debug|Any CPU
		{75B9ABC5-2A89-4FE1-AFA8-730F0F33F1CF}.Debug|x86.Build.0 = Debug|Any CPU
		{75B9ABC5-2A89-4FE1-AFA8-730F0F33F1CF}.Release|Any CPU.ActiveCfg = Release|Any CPU
		{75B9ABC5-2A89-4FE1-AFA8-730F0F33F1CF}.Release|Any CPU.Build.0 = Release|Any CPU
		{75B9ABC5-2A89-4FE1-AFA8-730F0F33F1CF}.Release|x64.ActiveCfg = Release|Any CPU
		{75B9ABC5-2A89-4FE1-AFA8-730F0F33F1CF}.Release|x64.Build.0 = Release|Any CPU
		{75B9ABC5-2A89-4FE1-AFA8-730F0F33F1CF}.Release|x86.ActiveCfg = Release|Any CPU
		{75B9ABC5-2A89-4FE1-AFA8-730F0F33F1CF}.Release|x86.Build.0 = Release|Any CPU
		{6BE5C3C0-C633-43A8-8889-6D1396C32E3E}.Debug|Any CPU.ActiveCfg = Debug|Any CPU
		{6BE5C3C0-C633-43A8-8889-6D1396C32E3E}.Debug|Any CPU.Build.0 = Debug|Any CPU
		{6BE5C3C0-C633-43A8-8889-6D1396C32E3E}.Debug|x64.ActiveCfg = Debug|Any CPU
		{6BE5C3C0-C633-43A8-8889-6D1396C32E3E}.Debug|x64.Build.0 = Debug|Any CPU
		{6BE5C3C0-C633-43A8-8889-6D1396C32E3E}.Debug|x86.ActiveCfg = Debug|Any CPU
		{6BE5C3C0-C633-43A8-8889-6D1396C32E3E}.Debug|x86.Build.0 = Debug|Any CPU
		{6BE5C3C0-C633-43A8-8889-6D1396C32E3E}.Release|Any CPU.ActiveCfg = Release|Any CPU
		{6BE5C3C0-C633-43A8-8889-6D1396C32E3E}.Release|Any CPU.Build.0 = Release|Any CPU
		{6BE5C3C0-C633-43A8-8889-6D1396C32E3E}.Release|x64.ActiveCfg = Release|Any CPU
		{6BE5C3C0-C633-43A8-8889-6D1396C32E3E}.Release|x64.Build.0 = Release|Any CPU
		{6BE5C3C0-C633-43A8-8889-6D1396C32E3E}.Release|x86.ActiveCfg = Release|Any CPU
		{6BE5C3C0-C633-43A8-8889-6D1396C32E3E}.Release|x86.Build.0 = Release|Any CPU
		{2425B700-E120-498E-BF5A-6970B6342398}.Debug|Any CPU.ActiveCfg = Debug|Any CPU
		{2425B700-E120-498E-BF5A-6970B6342398}.Debug|Any CPU.Build.0 = Debug|Any CPU
		{2425B700-E120-498E-BF5A-6970B6342398}.Debug|x64.ActiveCfg = Debug|Any CPU
		{2425B700-E120-498E-BF5A-6970B6342398}.Debug|x64.Build.0 = Debug|Any CPU
		{2425B700-E120-498E-BF5A-6970B6342398}.Debug|x86.ActiveCfg = Debug|Any CPU
		{2425B700-E120-498E-BF5A-6970B6342398}.Debug|x86.Build.0 = Debug|Any CPU
		{2425B700-E120-498E-BF5A-6970B6342398}.Release|Any CPU.ActiveCfg = Release|Any CPU
		{2425B700-E120-498E-BF5A-6970B6342398}.Release|Any CPU.Build.0 = Release|Any CPU
		{2425B700-E120-498E-BF5A-6970B6342398}.Release|x64.ActiveCfg = Release|Any CPU
		{2425B700-E120-498E-BF5A-6970B6342398}.Release|x64.Build.0 = Release|Any CPU
		{2425B700-E120-498E-BF5A-6970B6342398}.Release|x86.ActiveCfg = Release|Any CPU
		{2425B700-E120-498E-BF5A-6970B6342398}.Release|x86.Build.0 = Release|Any CPU
		{6FE025E2-C8F2-486E-A21C-2FB5B078685A}.Debug|Any CPU.ActiveCfg = Debug|Any CPU
		{6FE025E2-C8F2-486E-A21C-2FB5B078685A}.Debug|Any CPU.Build.0 = Debug|Any CPU
		{6FE025E2-C8F2-486E-A21C-2FB5B078685A}.Debug|x64.ActiveCfg = Debug|Any CPU
		{6FE025E2-C8F2-486E-A21C-2FB5B078685A}.Debug|x64.Build.0 = Debug|Any CPU
		{6FE025E2-C8F2-486E-A21C-2FB5B078685A}.Debug|x86.ActiveCfg = Debug|Any CPU
		{6FE025E2-C8F2-486E-A21C-2FB5B078685A}.Debug|x86.Build.0 = Debug|Any CPU
		{6FE025E2-C8F2-486E-A21C-2FB5B078685A}.Release|Any CPU.ActiveCfg = Release|Any CPU
		{6FE025E2-C8F2-486E-A21C-2FB5B078685A}.Release|Any CPU.Build.0 = Release|Any CPU
		{6FE025E2-C8F2-486E-A21C-2FB5B078685A}.Release|x64.ActiveCfg = Release|Any CPU
		{6FE025E2-C8F2-486E-A21C-2FB5B078685A}.Release|x64.Build.0 = Release|Any CPU
		{6FE025E2-C8F2-486E-A21C-2FB5B078685A}.Release|x86.ActiveCfg = Release|Any CPU
		{6FE025E2-C8F2-486E-A21C-2FB5B078685A}.Release|x86.Build.0 = Release|Any CPU
		{6EE41544-7C2B-4A0E-9DA3-DCAAC789547C}.Debug|Any CPU.ActiveCfg = Debug|Any CPU
		{6EE41544-7C2B-4A0E-9DA3-DCAAC789547C}.Debug|Any CPU.Build.0 = Debug|Any CPU
		{6EE41544-7C2B-4A0E-9DA3-DCAAC789547C}.Debug|x64.ActiveCfg = Debug|Any CPU
		{6EE41544-7C2B-4A0E-9DA3-DCAAC789547C}.Debug|x64.Build.0 = Debug|Any CPU
		{6EE41544-7C2B-4A0E-9DA3-DCAAC789547C}.Debug|x86.ActiveCfg = Debug|Any CPU
		{6EE41544-7C2B-4A0E-9DA3-DCAAC789547C}.Debug|x86.Build.0 = Debug|Any CPU
		{6EE41544-7C2B-4A0E-9DA3-DCAAC789547C}.Release|Any CPU.ActiveCfg = Release|Any CPU
		{6EE41544-7C2B-4A0E-9DA3-DCAAC789547C}.Release|Any CPU.Build.0 = Release|Any CPU
		{6EE41544-7C2B-4A0E-9DA3-DCAAC789547C}.Release|x64.ActiveCfg = Release|Any CPU
		{6EE41544-7C2B-4A0E-9DA3-DCAAC789547C}.Release|x64.Build.0 = Release|Any CPU
		{6EE41544-7C2B-4A0E-9DA3-DCAAC789547C}.Release|x86.ActiveCfg = Release|Any CPU
		{6EE41544-7C2B-4A0E-9DA3-DCAAC789547C}.Release|x86.Build.0 = Release|Any CPU
		{A9C250EF-D24F-466A-8C6C-AC6063990F8F}.Debug|Any CPU.ActiveCfg = Debug|Any CPU
		{A9C250EF-D24F-466A-8C6C-AC6063990F8F}.Debug|Any CPU.Build.0 = Debug|Any CPU
		{A9C250EF-D24F-466A-8C6C-AC6063990F8F}.Debug|x64.ActiveCfg = Debug|Any CPU
		{A9C250EF-D24F-466A-8C6C-AC6063990F8F}.Debug|x64.Build.0 = Debug|Any CPU
		{A9C250EF-D24F-466A-8C6C-AC6063990F8F}.Debug|x86.ActiveCfg = Debug|Any CPU
		{A9C250EF-D24F-466A-8C6C-AC6063990F8F}.Debug|x86.Build.0 = Debug|Any CPU
		{A9C250EF-D24F-466A-8C6C-AC6063990F8F}.Release|Any CPU.ActiveCfg = Release|Any CPU
		{A9C250EF-D24F-466A-8C6C-AC6063990F8F}.Release|Any CPU.Build.0 = Release|Any CPU
		{A9C250EF-D24F-466A-8C6C-AC6063990F8F}.Release|x64.ActiveCfg = Release|Any CPU
		{A9C250EF-D24F-466A-8C6C-AC6063990F8F}.Release|x64.Build.0 = Release|Any CPU
		{A9C250EF-D24F-466A-8C6C-AC6063990F8F}.Release|x86.ActiveCfg = Release|Any CPU
		{A9C250EF-D24F-466A-8C6C-AC6063990F8F}.Release|x86.Build.0 = Release|Any CPU
		{9682B1FF-33E6-40A6-A482-F5933C862568}.Debug|Any CPU.ActiveCfg = Debug|Any CPU
		{9682B1FF-33E6-40A6-A482-F5933C862568}.Debug|Any CPU.Build.0 = Debug|Any CPU
		{9682B1FF-33E6-40A6-A482-F5933C862568}.Debug|x64.ActiveCfg = Debug|Any CPU
		{9682B1FF-33E6-40A6-A482-F5933C862568}.Debug|x64.Build.0 = Debug|Any CPU
		{9682B1FF-33E6-40A6-A482-F5933C862568}.Debug|x86.ActiveCfg = Debug|Any CPU
		{9682B1FF-33E6-40A6-A482-F5933C862568}.Debug|x86.Build.0 = Debug|Any CPU
		{9682B1FF-33E6-40A6-A482-F5933C862568}.Release|Any CPU.ActiveCfg = Release|Any CPU
		{9682B1FF-33E6-40A6-A482-F5933C862568}.Release|Any CPU.Build.0 = Release|Any CPU
		{9682B1FF-33E6-40A6-A482-F5933C862568}.Release|x64.ActiveCfg = Release|Any CPU
		{9682B1FF-33E6-40A6-A482-F5933C862568}.Release|x64.Build.0 = Release|Any CPU
		{9682B1FF-33E6-40A6-A482-F5933C862568}.Release|x86.ActiveCfg = Release|Any CPU
		{9682B1FF-33E6-40A6-A482-F5933C862568}.Release|x86.Build.0 = Release|Any CPU
		{3C68C507-C16A-4C0D-B343-0664EA795FC3}.Debug|Any CPU.ActiveCfg = Debug|Any CPU
		{3C68C507-C16A-4C0D-B343-0664EA795FC3}.Debug|Any CPU.Build.0 = Debug|Any CPU
		{3C68C507-C16A-4C0D-B343-0664EA795FC3}.Debug|x64.ActiveCfg = Debug|Any CPU
		{3C68C507-C16A-4C0D-B343-0664EA795FC3}.Debug|x64.Build.0 = Debug|Any CPU
		{3C68C507-C16A-4C0D-B343-0664EA795FC3}.Debug|x86.ActiveCfg = Debug|Any CPU
		{3C68C507-C16A-4C0D-B343-0664EA795FC3}.Debug|x86.Build.0 = Debug|Any CPU
		{3C68C507-C16A-4C0D-B343-0664EA795FC3}.Release|Any CPU.ActiveCfg = Release|Any CPU
		{3C68C507-C16A-4C0D-B343-0664EA795FC3}.Release|Any CPU.Build.0 = Release|Any CPU
		{3C68C507-C16A-4C0D-B343-0664EA795FC3}.Release|x64.ActiveCfg = Release|Any CPU
		{3C68C507-C16A-4C0D-B343-0664EA795FC3}.Release|x64.Build.0 = Release|Any CPU
		{3C68C507-C16A-4C0D-B343-0664EA795FC3}.Release|x86.ActiveCfg = Release|Any CPU
		{3C68C507-C16A-4C0D-B343-0664EA795FC3}.Release|x86.Build.0 = Release|Any CPU
		{95E964CB-D13D-47D4-B804-6E9AF1B02CA9}.Debug|Any CPU.ActiveCfg = Debug|Any CPU
		{95E964CB-D13D-47D4-B804-6E9AF1B02CA9}.Debug|Any CPU.Build.0 = Debug|Any CPU
		{95E964CB-D13D-47D4-B804-6E9AF1B02CA9}.Debug|x64.ActiveCfg = Debug|Any CPU
		{95E964CB-D13D-47D4-B804-6E9AF1B02CA9}.Debug|x64.Build.0 = Debug|Any CPU
		{95E964CB-D13D-47D4-B804-6E9AF1B02CA9}.Debug|x86.ActiveCfg = Debug|Any CPU
		{95E964CB-D13D-47D4-B804-6E9AF1B02CA9}.Debug|x86.Build.0 = Debug|Any CPU
		{95E964CB-D13D-47D4-B804-6E9AF1B02CA9}.Release|Any CPU.ActiveCfg = Release|Any CPU
		{95E964CB-D13D-47D4-B804-6E9AF1B02CA9}.Release|Any CPU.Build.0 = Release|Any CPU
		{95E964CB-D13D-47D4-B804-6E9AF1B02CA9}.Release|x64.ActiveCfg = Release|Any CPU
		{95E964CB-D13D-47D4-B804-6E9AF1B02CA9}.Release|x64.Build.0 = Release|Any CPU
		{95E964CB-D13D-47D4-B804-6E9AF1B02CA9}.Release|x86.ActiveCfg = Release|Any CPU
		{95E964CB-D13D-47D4-B804-6E9AF1B02CA9}.Release|x86.Build.0 = Release|Any CPU
		{82DEBFBA-DDCB-472D-8F81-0E5C9CF89195}.Debug|Any CPU.ActiveCfg = Debug|Any CPU
		{82DEBFBA-DDCB-472D-8F81-0E5C9CF89195}.Debug|Any CPU.Build.0 = Debug|Any CPU
		{82DEBFBA-DDCB-472D-8F81-0E5C9CF89195}.Debug|x64.ActiveCfg = Debug|Any CPU
		{82DEBFBA-DDCB-472D-8F81-0E5C9CF89195}.Debug|x64.Build.0 = Debug|Any CPU
		{82DEBFBA-DDCB-472D-8F81-0E5C9CF89195}.Debug|x86.ActiveCfg = Debug|Any CPU
		{82DEBFBA-DDCB-472D-8F81-0E5C9CF89195}.Debug|x86.Build.0 = Debug|Any CPU
		{82DEBFBA-DDCB-472D-8F81-0E5C9CF89195}.Release|Any CPU.ActiveCfg = Release|Any CPU
		{82DEBFBA-DDCB-472D-8F81-0E5C9CF89195}.Release|Any CPU.Build.0 = Release|Any CPU
		{82DEBFBA-DDCB-472D-8F81-0E5C9CF89195}.Release|x64.ActiveCfg = Release|Any CPU
		{82DEBFBA-DDCB-472D-8F81-0E5C9CF89195}.Release|x64.Build.0 = Release|Any CPU
		{82DEBFBA-DDCB-472D-8F81-0E5C9CF89195}.Release|x86.ActiveCfg = Release|Any CPU
		{82DEBFBA-DDCB-472D-8F81-0E5C9CF89195}.Release|x86.Build.0 = Release|Any CPU
		{CD07E9D6-DE88-4038-831A-B3C6693EB808}.Debug|Any CPU.ActiveCfg = Debug|Any CPU
		{CD07E9D6-DE88-4038-831A-B3C6693EB808}.Debug|Any CPU.Build.0 = Debug|Any CPU
		{CD07E9D6-DE88-4038-831A-B3C6693EB808}.Debug|x64.ActiveCfg = Debug|Any CPU
		{CD07E9D6-DE88-4038-831A-B3C6693EB808}.Debug|x64.Build.0 = Debug|Any CPU
		{CD07E9D6-DE88-4038-831A-B3C6693EB808}.Debug|x86.ActiveCfg = Debug|Any CPU
		{CD07E9D6-DE88-4038-831A-B3C6693EB808}.Debug|x86.Build.0 = Debug|Any CPU
		{CD07E9D6-DE88-4038-831A-B3C6693EB808}.Release|Any CPU.ActiveCfg = Release|Any CPU
		{CD07E9D6-DE88-4038-831A-B3C6693EB808}.Release|Any CPU.Build.0 = Release|Any CPU
		{CD07E9D6-DE88-4038-831A-B3C6693EB808}.Release|x64.ActiveCfg = Release|Any CPU
		{CD07E9D6-DE88-4038-831A-B3C6693EB808}.Release|x64.Build.0 = Release|Any CPU
		{CD07E9D6-DE88-4038-831A-B3C6693EB808}.Release|x86.ActiveCfg = Release|Any CPU
		{CD07E9D6-DE88-4038-831A-B3C6693EB808}.Release|x86.Build.0 = Release|Any CPU
		{10CCB9D4-AFB8-4D0B-BF8C-458FBC55760A}.Debug|Any CPU.ActiveCfg = Debug|Any CPU
		{10CCB9D4-AFB8-4D0B-BF8C-458FBC55760A}.Debug|Any CPU.Build.0 = Debug|Any CPU
		{10CCB9D4-AFB8-4D0B-BF8C-458FBC55760A}.Debug|x64.ActiveCfg = Debug|Any CPU
		{10CCB9D4-AFB8-4D0B-BF8C-458FBC55760A}.Debug|x64.Build.0 = Debug|Any CPU
		{10CCB9D4-AFB8-4D0B-BF8C-458FBC55760A}.Debug|x86.ActiveCfg = Debug|Any CPU
		{10CCB9D4-AFB8-4D0B-BF8C-458FBC55760A}.Debug|x86.Build.0 = Debug|Any CPU
		{10CCB9D4-AFB8-4D0B-BF8C-458FBC55760A}.Release|Any CPU.ActiveCfg = Release|Any CPU
		{10CCB9D4-AFB8-4D0B-BF8C-458FBC55760A}.Release|Any CPU.Build.0 = Release|Any CPU
		{10CCB9D4-AFB8-4D0B-BF8C-458FBC55760A}.Release|x64.ActiveCfg = Release|Any CPU
		{10CCB9D4-AFB8-4D0B-BF8C-458FBC55760A}.Release|x64.Build.0 = Release|Any CPU
		{10CCB9D4-AFB8-4D0B-BF8C-458FBC55760A}.Release|x86.ActiveCfg = Release|Any CPU
		{10CCB9D4-AFB8-4D0B-BF8C-458FBC55760A}.Release|x86.Build.0 = Release|Any CPU
		{EE080825-8213-48F2-AA5A-8DF77B03E844}.Debug|Any CPU.ActiveCfg = Debug|Any CPU
		{EE080825-8213-48F2-AA5A-8DF77B03E844}.Debug|Any CPU.Build.0 = Debug|Any CPU
		{EE080825-8213-48F2-AA5A-8DF77B03E844}.Debug|x64.ActiveCfg = Debug|Any CPU
		{EE080825-8213-48F2-AA5A-8DF77B03E844}.Debug|x64.Build.0 = Debug|Any CPU
		{EE080825-8213-48F2-AA5A-8DF77B03E844}.Debug|x86.ActiveCfg = Debug|Any CPU
		{EE080825-8213-48F2-AA5A-8DF77B03E844}.Debug|x86.Build.0 = Debug|Any CPU
		{EE080825-8213-48F2-AA5A-8DF77B03E844}.Release|Any CPU.ActiveCfg = Release|Any CPU
		{EE080825-8213-48F2-AA5A-8DF77B03E844}.Release|Any CPU.Build.0 = Release|Any CPU
		{EE080825-8213-48F2-AA5A-8DF77B03E844}.Release|x64.ActiveCfg = Release|Any CPU
		{EE080825-8213-48F2-AA5A-8DF77B03E844}.Release|x64.Build.0 = Release|Any CPU
		{EE080825-8213-48F2-AA5A-8DF77B03E844}.Release|x86.ActiveCfg = Release|Any CPU
		{EE080825-8213-48F2-AA5A-8DF77B03E844}.Release|x86.Build.0 = Release|Any CPU
		{6AA94658-C4BE-4712-A15A-1C0E372D7CD2}.Debug|Any CPU.ActiveCfg = Debug|Any CPU
		{6AA94658-C4BE-4712-A15A-1C0E372D7CD2}.Debug|Any CPU.Build.0 = Debug|Any CPU
		{6AA94658-C4BE-4712-A15A-1C0E372D7CD2}.Debug|x64.ActiveCfg = Debug|Any CPU
		{6AA94658-C4BE-4712-A15A-1C0E372D7CD2}.Debug|x64.Build.0 = Debug|Any CPU
		{6AA94658-C4BE-4712-A15A-1C0E372D7CD2}.Debug|x86.ActiveCfg = Debug|Any CPU
		{6AA94658-C4BE-4712-A15A-1C0E372D7CD2}.Debug|x86.Build.0 = Debug|Any CPU
		{6AA94658-C4BE-4712-A15A-1C0E372D7CD2}.Release|Any CPU.ActiveCfg = Release|Any CPU
		{6AA94658-C4BE-4712-A15A-1C0E372D7CD2}.Release|Any CPU.Build.0 = Release|Any CPU
		{6AA94658-C4BE-4712-A15A-1C0E372D7CD2}.Release|x64.ActiveCfg = Release|Any CPU
		{6AA94658-C4BE-4712-A15A-1C0E372D7CD2}.Release|x64.Build.0 = Release|Any CPU
		{6AA94658-C4BE-4712-A15A-1C0E372D7CD2}.Release|x86.ActiveCfg = Release|Any CPU
		{6AA94658-C4BE-4712-A15A-1C0E372D7CD2}.Release|x86.Build.0 = Release|Any CPU
		{D20445AD-59A5-48DA-AD4E-3811F24B7A88}.Debug|Any CPU.ActiveCfg = Debug|Any CPU
		{D20445AD-59A5-48DA-AD4E-3811F24B7A88}.Debug|Any CPU.Build.0 = Debug|Any CPU
		{D20445AD-59A5-48DA-AD4E-3811F24B7A88}.Debug|x64.ActiveCfg = Debug|Any CPU
		{D20445AD-59A5-48DA-AD4E-3811F24B7A88}.Debug|x64.Build.0 = Debug|Any CPU
		{D20445AD-59A5-48DA-AD4E-3811F24B7A88}.Debug|x86.ActiveCfg = Debug|Any CPU
		{D20445AD-59A5-48DA-AD4E-3811F24B7A88}.Debug|x86.Build.0 = Debug|Any CPU
		{D20445AD-59A5-48DA-AD4E-3811F24B7A88}.Release|Any CPU.ActiveCfg = Release|Any CPU
		{D20445AD-59A5-48DA-AD4E-3811F24B7A88}.Release|Any CPU.Build.0 = Release|Any CPU
		{D20445AD-59A5-48DA-AD4E-3811F24B7A88}.Release|x64.ActiveCfg = Release|Any CPU
		{D20445AD-59A5-48DA-AD4E-3811F24B7A88}.Release|x64.Build.0 = Release|Any CPU
		{D20445AD-59A5-48DA-AD4E-3811F24B7A88}.Release|x86.ActiveCfg = Release|Any CPU
		{D20445AD-59A5-48DA-AD4E-3811F24B7A88}.Release|x86.Build.0 = Release|Any CPU
		{C3C27AA8-E7F1-484C-A24C-5EEB51B52CB6}.Debug|Any CPU.ActiveCfg = Debug|Any CPU
		{C3C27AA8-E7F1-484C-A24C-5EEB51B52CB6}.Debug|Any CPU.Build.0 = Debug|Any CPU
		{C3C27AA8-E7F1-484C-A24C-5EEB51B52CB6}.Debug|x64.ActiveCfg = Debug|Any CPU
		{C3C27AA8-E7F1-484C-A24C-5EEB51B52CB6}.Debug|x64.Build.0 = Debug|Any CPU
		{C3C27AA8-E7F1-484C-A24C-5EEB51B52CB6}.Debug|x86.ActiveCfg = Debug|Any CPU
		{C3C27AA8-E7F1-484C-A24C-5EEB51B52CB6}.Debug|x86.Build.0 = Debug|Any CPU
		{C3C27AA8-E7F1-484C-A24C-5EEB51B52CB6}.Release|Any CPU.ActiveCfg = Release|Any CPU
		{C3C27AA8-E7F1-484C-A24C-5EEB51B52CB6}.Release|Any CPU.Build.0 = Release|Any CPU
		{C3C27AA8-E7F1-484C-A24C-5EEB51B52CB6}.Release|x64.ActiveCfg = Release|Any CPU
		{C3C27AA8-E7F1-484C-A24C-5EEB51B52CB6}.Release|x64.Build.0 = Release|Any CPU
		{C3C27AA8-E7F1-484C-A24C-5EEB51B52CB6}.Release|x86.ActiveCfg = Release|Any CPU
		{C3C27AA8-E7F1-484C-A24C-5EEB51B52CB6}.Release|x86.Build.0 = Release|Any CPU
		{0DD0E2EB-0D8D-4892-8FD9-48A0219483FC}.Debug|Any CPU.ActiveCfg = Debug|Any CPU
		{0DD0E2EB-0D8D-4892-8FD9-48A0219483FC}.Debug|Any CPU.Build.0 = Debug|Any CPU
		{0DD0E2EB-0D8D-4892-8FD9-48A0219483FC}.Debug|x64.ActiveCfg = Debug|Any CPU
		{0DD0E2EB-0D8D-4892-8FD9-48A0219483FC}.Debug|x64.Build.0 = Debug|Any CPU
		{0DD0E2EB-0D8D-4892-8FD9-48A0219483FC}.Debug|x86.ActiveCfg = Debug|Any CPU
		{0DD0E2EB-0D8D-4892-8FD9-48A0219483FC}.Debug|x86.Build.0 = Debug|Any CPU
		{0DD0E2EB-0D8D-4892-8FD9-48A0219483FC}.Release|Any CPU.ActiveCfg = Release|Any CPU
		{0DD0E2EB-0D8D-4892-8FD9-48A0219483FC}.Release|Any CPU.Build.0 = Release|Any CPU
		{0DD0E2EB-0D8D-4892-8FD9-48A0219483FC}.Release|x64.ActiveCfg = Release|Any CPU
		{0DD0E2EB-0D8D-4892-8FD9-48A0219483FC}.Release|x64.Build.0 = Release|Any CPU
		{0DD0E2EB-0D8D-4892-8FD9-48A0219483FC}.Release|x86.ActiveCfg = Release|Any CPU
		{0DD0E2EB-0D8D-4892-8FD9-48A0219483FC}.Release|x86.Build.0 = Release|Any CPU
		{8BA49DDB-DFED-461E-B727-B258B6E9D706}.Debug|Any CPU.ActiveCfg = Debug|Any CPU
		{8BA49DDB-DFED-461E-B727-B258B6E9D706}.Debug|Any CPU.Build.0 = Debug|Any CPU
		{8BA49DDB-DFED-461E-B727-B258B6E9D706}.Debug|x64.ActiveCfg = Debug|Any CPU
		{8BA49DDB-DFED-461E-B727-B258B6E9D706}.Debug|x64.Build.0 = Debug|Any CPU
		{8BA49DDB-DFED-461E-B727-B258B6E9D706}.Debug|x86.ActiveCfg = Debug|Any CPU
		{8BA49DDB-DFED-461E-B727-B258B6E9D706}.Debug|x86.Build.0 = Debug|Any CPU
		{8BA49DDB-DFED-461E-B727-B258B6E9D706}.Release|Any CPU.ActiveCfg = Release|Any CPU
		{8BA49DDB-DFED-461E-B727-B258B6E9D706}.Release|Any CPU.Build.0 = Release|Any CPU
		{8BA49DDB-DFED-461E-B727-B258B6E9D706}.Release|x64.ActiveCfg = Release|Any CPU
		{8BA49DDB-DFED-461E-B727-B258B6E9D706}.Release|x64.Build.0 = Release|Any CPU
		{8BA49DDB-DFED-461E-B727-B258B6E9D706}.Release|x86.ActiveCfg = Release|Any CPU
		{8BA49DDB-DFED-461E-B727-B258B6E9D706}.Release|x86.Build.0 = Release|Any CPU
		{073407E6-49A3-414E-81D3-97AF3BFB1223}.Debug|Any CPU.ActiveCfg = Debug|Any CPU
		{073407E6-49A3-414E-81D3-97AF3BFB1223}.Debug|Any CPU.Build.0 = Debug|Any CPU
		{073407E6-49A3-414E-81D3-97AF3BFB1223}.Debug|x64.ActiveCfg = Debug|Any CPU
		{073407E6-49A3-414E-81D3-97AF3BFB1223}.Debug|x64.Build.0 = Debug|Any CPU
		{073407E6-49A3-414E-81D3-97AF3BFB1223}.Debug|x86.ActiveCfg = Debug|Any CPU
		{073407E6-49A3-414E-81D3-97AF3BFB1223}.Debug|x86.Build.0 = Debug|Any CPU
		{073407E6-49A3-414E-81D3-97AF3BFB1223}.Release|Any CPU.ActiveCfg = Release|Any CPU
		{073407E6-49A3-414E-81D3-97AF3BFB1223}.Release|Any CPU.Build.0 = Release|Any CPU
		{073407E6-49A3-414E-81D3-97AF3BFB1223}.Release|x64.ActiveCfg = Release|Any CPU
		{073407E6-49A3-414E-81D3-97AF3BFB1223}.Release|x64.Build.0 = Release|Any CPU
		{073407E6-49A3-414E-81D3-97AF3BFB1223}.Release|x86.ActiveCfg = Release|Any CPU
		{073407E6-49A3-414E-81D3-97AF3BFB1223}.Release|x86.Build.0 = Release|Any CPU
		{D96C95B0-84EB-4363-A066-3B1BA2119A04}.Debug|Any CPU.ActiveCfg = Debug|Any CPU
		{D96C95B0-84EB-4363-A066-3B1BA2119A04}.Debug|Any CPU.Build.0 = Debug|Any CPU
		{D96C95B0-84EB-4363-A066-3B1BA2119A04}.Debug|x64.ActiveCfg = Debug|Any CPU
		{D96C95B0-84EB-4363-A066-3B1BA2119A04}.Debug|x64.Build.0 = Debug|Any CPU
		{D96C95B0-84EB-4363-A066-3B1BA2119A04}.Debug|x86.ActiveCfg = Debug|Any CPU
		{D96C95B0-84EB-4363-A066-3B1BA2119A04}.Debug|x86.Build.0 = Debug|Any CPU
		{D96C95B0-84EB-4363-A066-3B1BA2119A04}.Release|Any CPU.ActiveCfg = Release|Any CPU
		{D96C95B0-84EB-4363-A066-3B1BA2119A04}.Release|Any CPU.Build.0 = Release|Any CPU
		{D96C95B0-84EB-4363-A066-3B1BA2119A04}.Release|x64.ActiveCfg = Release|Any CPU
		{D96C95B0-84EB-4363-A066-3B1BA2119A04}.Release|x64.Build.0 = Release|Any CPU
		{D96C95B0-84EB-4363-A066-3B1BA2119A04}.Release|x86.ActiveCfg = Release|Any CPU
		{D96C95B0-84EB-4363-A066-3B1BA2119A04}.Release|x86.Build.0 = Release|Any CPU
		{1654B0EF-AC68-4AF2-9A36-F4F9881BC60C}.Debug|Any CPU.ActiveCfg = Debug|Any CPU
		{1654B0EF-AC68-4AF2-9A36-F4F9881BC60C}.Debug|Any CPU.Build.0 = Debug|Any CPU
		{1654B0EF-AC68-4AF2-9A36-F4F9881BC60C}.Debug|x64.ActiveCfg = Debug|Any CPU
		{1654B0EF-AC68-4AF2-9A36-F4F9881BC60C}.Debug|x64.Build.0 = Debug|Any CPU
		{1654B0EF-AC68-4AF2-9A36-F4F9881BC60C}.Debug|x86.ActiveCfg = Debug|Any CPU
		{1654B0EF-AC68-4AF2-9A36-F4F9881BC60C}.Debug|x86.Build.0 = Debug|Any CPU
		{1654B0EF-AC68-4AF2-9A36-F4F9881BC60C}.Release|Any CPU.ActiveCfg = Release|Any CPU
		{1654B0EF-AC68-4AF2-9A36-F4F9881BC60C}.Release|Any CPU.Build.0 = Release|Any CPU
		{1654B0EF-AC68-4AF2-9A36-F4F9881BC60C}.Release|x64.ActiveCfg = Release|Any CPU
		{1654B0EF-AC68-4AF2-9A36-F4F9881BC60C}.Release|x64.Build.0 = Release|Any CPU
		{1654B0EF-AC68-4AF2-9A36-F4F9881BC60C}.Release|x86.ActiveCfg = Release|Any CPU
		{1654B0EF-AC68-4AF2-9A36-F4F9881BC60C}.Release|x86.Build.0 = Release|Any CPU
		{58182EF3-CF58-4EF2-942E-0B262678A0F1}.Debug|Any CPU.ActiveCfg = Debug|Any CPU
		{58182EF3-CF58-4EF2-942E-0B262678A0F1}.Debug|Any CPU.Build.0 = Debug|Any CPU
		{58182EF3-CF58-4EF2-942E-0B262678A0F1}.Debug|x64.ActiveCfg = Debug|Any CPU
		{58182EF3-CF58-4EF2-942E-0B262678A0F1}.Debug|x64.Build.0 = Debug|Any CPU
		{58182EF3-CF58-4EF2-942E-0B262678A0F1}.Debug|x86.ActiveCfg = Debug|Any CPU
		{58182EF3-CF58-4EF2-942E-0B262678A0F1}.Debug|x86.Build.0 = Debug|Any CPU
		{58182EF3-CF58-4EF2-942E-0B262678A0F1}.Release|Any CPU.ActiveCfg = Release|Any CPU
		{58182EF3-CF58-4EF2-942E-0B262678A0F1}.Release|Any CPU.Build.0 = Release|Any CPU
		{58182EF3-CF58-4EF2-942E-0B262678A0F1}.Release|x64.ActiveCfg = Release|Any CPU
		{58182EF3-CF58-4EF2-942E-0B262678A0F1}.Release|x64.Build.0 = Release|Any CPU
		{58182EF3-CF58-4EF2-942E-0B262678A0F1}.Release|x86.ActiveCfg = Release|Any CPU
		{58182EF3-CF58-4EF2-942E-0B262678A0F1}.Release|x86.Build.0 = Release|Any CPU
		{9A27CF09-345D-426B-9CEA-3406EDBC892B}.Debug|Any CPU.ActiveCfg = Debug|Any CPU
		{9A27CF09-345D-426B-9CEA-3406EDBC892B}.Debug|Any CPU.Build.0 = Debug|Any CPU
		{9A27CF09-345D-426B-9CEA-3406EDBC892B}.Debug|x64.ActiveCfg = Debug|Any CPU
		{9A27CF09-345D-426B-9CEA-3406EDBC892B}.Debug|x64.Build.0 = Debug|Any CPU
		{9A27CF09-345D-426B-9CEA-3406EDBC892B}.Debug|x86.ActiveCfg = Debug|Any CPU
		{9A27CF09-345D-426B-9CEA-3406EDBC892B}.Debug|x86.Build.0 = Debug|Any CPU
		{9A27CF09-345D-426B-9CEA-3406EDBC892B}.Release|Any CPU.ActiveCfg = Release|Any CPU
		{9A27CF09-345D-426B-9CEA-3406EDBC892B}.Release|Any CPU.Build.0 = Release|Any CPU
		{9A27CF09-345D-426B-9CEA-3406EDBC892B}.Release|x64.ActiveCfg = Release|Any CPU
		{9A27CF09-345D-426B-9CEA-3406EDBC892B}.Release|x64.Build.0 = Release|Any CPU
		{9A27CF09-345D-426B-9CEA-3406EDBC892B}.Release|x86.ActiveCfg = Release|Any CPU
		{9A27CF09-345D-426B-9CEA-3406EDBC892B}.Release|x86.Build.0 = Release|Any CPU
		{F2CDFBB2-1773-46B2-9ACF-8CF25D084ECB}.Debug|Any CPU.ActiveCfg = Debug|Any CPU
		{F2CDFBB2-1773-46B2-9ACF-8CF25D084ECB}.Debug|Any CPU.Build.0 = Debug|Any CPU
		{F2CDFBB2-1773-46B2-9ACF-8CF25D084ECB}.Debug|x64.ActiveCfg = Debug|Any CPU
		{F2CDFBB2-1773-46B2-9ACF-8CF25D084ECB}.Debug|x64.Build.0 = Debug|Any CPU
		{F2CDFBB2-1773-46B2-9ACF-8CF25D084ECB}.Debug|x86.ActiveCfg = Debug|Any CPU
		{F2CDFBB2-1773-46B2-9ACF-8CF25D084ECB}.Debug|x86.Build.0 = Debug|Any CPU
		{F2CDFBB2-1773-46B2-9ACF-8CF25D084ECB}.Release|Any CPU.ActiveCfg = Release|Any CPU
		{F2CDFBB2-1773-46B2-9ACF-8CF25D084ECB}.Release|Any CPU.Build.0 = Release|Any CPU
		{F2CDFBB2-1773-46B2-9ACF-8CF25D084ECB}.Release|x64.ActiveCfg = Release|Any CPU
		{F2CDFBB2-1773-46B2-9ACF-8CF25D084ECB}.Release|x64.Build.0 = Release|Any CPU
		{F2CDFBB2-1773-46B2-9ACF-8CF25D084ECB}.Release|x86.ActiveCfg = Release|Any CPU
		{F2CDFBB2-1773-46B2-9ACF-8CF25D084ECB}.Release|x86.Build.0 = Release|Any CPU
		{D17141A7-C23D-4A8D-814A-79044510F993}.Debug|Any CPU.ActiveCfg = Debug|Any CPU
		{D17141A7-C23D-4A8D-814A-79044510F993}.Debug|Any CPU.Build.0 = Debug|Any CPU
		{D17141A7-C23D-4A8D-814A-79044510F993}.Debug|x64.ActiveCfg = Debug|Any CPU
		{D17141A7-C23D-4A8D-814A-79044510F993}.Debug|x64.Build.0 = Debug|Any CPU
		{D17141A7-C23D-4A8D-814A-79044510F993}.Debug|x86.ActiveCfg = Debug|Any CPU
		{D17141A7-C23D-4A8D-814A-79044510F993}.Debug|x86.Build.0 = Debug|Any CPU
		{D17141A7-C23D-4A8D-814A-79044510F993}.Release|Any CPU.ActiveCfg = Release|Any CPU
		{D17141A7-C23D-4A8D-814A-79044510F993}.Release|Any CPU.Build.0 = Release|Any CPU
		{D17141A7-C23D-4A8D-814A-79044510F993}.Release|x64.ActiveCfg = Release|Any CPU
		{D17141A7-C23D-4A8D-814A-79044510F993}.Release|x64.Build.0 = Release|Any CPU
		{D17141A7-C23D-4A8D-814A-79044510F993}.Release|x86.ActiveCfg = Release|Any CPU
		{D17141A7-C23D-4A8D-814A-79044510F993}.Release|x86.Build.0 = Release|Any CPU
		{22019386-E3B9-4BD4-8E5D-DB076CA192BF}.Debug|Any CPU.ActiveCfg = Debug|Any CPU
		{22019386-E3B9-4BD4-8E5D-DB076CA192BF}.Debug|Any CPU.Build.0 = Debug|Any CPU
		{22019386-E3B9-4BD4-8E5D-DB076CA192BF}.Debug|x64.ActiveCfg = Debug|Any CPU
		{22019386-E3B9-4BD4-8E5D-DB076CA192BF}.Debug|x64.Build.0 = Debug|Any CPU
		{22019386-E3B9-4BD4-8E5D-DB076CA192BF}.Debug|x86.ActiveCfg = Debug|Any CPU
		{22019386-E3B9-4BD4-8E5D-DB076CA192BF}.Debug|x86.Build.0 = Debug|Any CPU
		{22019386-E3B9-4BD4-8E5D-DB076CA192BF}.Release|Any CPU.ActiveCfg = Release|Any CPU
		{22019386-E3B9-4BD4-8E5D-DB076CA192BF}.Release|Any CPU.Build.0 = Release|Any CPU
		{22019386-E3B9-4BD4-8E5D-DB076CA192BF}.Release|x64.ActiveCfg = Release|Any CPU
		{22019386-E3B9-4BD4-8E5D-DB076CA192BF}.Release|x64.Build.0 = Release|Any CPU
		{22019386-E3B9-4BD4-8E5D-DB076CA192BF}.Release|x86.ActiveCfg = Release|Any CPU
		{22019386-E3B9-4BD4-8E5D-DB076CA192BF}.Release|x86.Build.0 = Release|Any CPU
		{A91A8430-557B-4406-92FE-3F8A258F4D7A}.Debug|Any CPU.ActiveCfg = Debug|Any CPU
		{A91A8430-557B-4406-92FE-3F8A258F4D7A}.Debug|Any CPU.Build.0 = Debug|Any CPU
		{A91A8430-557B-4406-92FE-3F8A258F4D7A}.Debug|x64.ActiveCfg = Debug|Any CPU
		{A91A8430-557B-4406-92FE-3F8A258F4D7A}.Debug|x64.Build.0 = Debug|Any CPU
		{A91A8430-557B-4406-92FE-3F8A258F4D7A}.Debug|x86.ActiveCfg = Debug|Any CPU
		{A91A8430-557B-4406-92FE-3F8A258F4D7A}.Debug|x86.Build.0 = Debug|Any CPU
		{A91A8430-557B-4406-92FE-3F8A258F4D7A}.Release|Any CPU.ActiveCfg = Release|Any CPU
		{A91A8430-557B-4406-92FE-3F8A258F4D7A}.Release|Any CPU.Build.0 = Release|Any CPU
		{A91A8430-557B-4406-92FE-3F8A258F4D7A}.Release|x64.ActiveCfg = Release|Any CPU
		{A91A8430-557B-4406-92FE-3F8A258F4D7A}.Release|x64.Build.0 = Release|Any CPU
		{A91A8430-557B-4406-92FE-3F8A258F4D7A}.Release|x86.ActiveCfg = Release|Any CPU
		{A91A8430-557B-4406-92FE-3F8A258F4D7A}.Release|x86.Build.0 = Release|Any CPU
		{C65A4375-88BF-4BFD-B803-A03FD039CD88}.Debug|Any CPU.ActiveCfg = Debug|Any CPU
		{C65A4375-88BF-4BFD-B803-A03FD039CD88}.Debug|Any CPU.Build.0 = Debug|Any CPU
		{C65A4375-88BF-4BFD-B803-A03FD039CD88}.Debug|x64.ActiveCfg = Debug|Any CPU
		{C65A4375-88BF-4BFD-B803-A03FD039CD88}.Debug|x64.Build.0 = Debug|Any CPU
		{C65A4375-88BF-4BFD-B803-A03FD039CD88}.Debug|x86.ActiveCfg = Debug|Any CPU
		{C65A4375-88BF-4BFD-B803-A03FD039CD88}.Debug|x86.Build.0 = Debug|Any CPU
		{C65A4375-88BF-4BFD-B803-A03FD039CD88}.Release|Any CPU.ActiveCfg = Release|Any CPU
		{C65A4375-88BF-4BFD-B803-A03FD039CD88}.Release|Any CPU.Build.0 = Release|Any CPU
		{C65A4375-88BF-4BFD-B803-A03FD039CD88}.Release|x64.ActiveCfg = Release|Any CPU
		{C65A4375-88BF-4BFD-B803-A03FD039CD88}.Release|x64.Build.0 = Release|Any CPU
		{C65A4375-88BF-4BFD-B803-A03FD039CD88}.Release|x86.ActiveCfg = Release|Any CPU
		{C65A4375-88BF-4BFD-B803-A03FD039CD88}.Release|x86.Build.0 = Release|Any CPU
		{AFD9C891-CA1E-4DD5-9100-EDA0C67337CC}.Debug|Any CPU.ActiveCfg = Debug|Any CPU
		{AFD9C891-CA1E-4DD5-9100-EDA0C67337CC}.Debug|Any CPU.Build.0 = Debug|Any CPU
		{AFD9C891-CA1E-4DD5-9100-EDA0C67337CC}.Debug|x64.ActiveCfg = Debug|Any CPU
		{AFD9C891-CA1E-4DD5-9100-EDA0C67337CC}.Debug|x64.Build.0 = Debug|Any CPU
		{AFD9C891-CA1E-4DD5-9100-EDA0C67337CC}.Debug|x86.ActiveCfg = Debug|Any CPU
		{AFD9C891-CA1E-4DD5-9100-EDA0C67337CC}.Debug|x86.Build.0 = Debug|Any CPU
		{AFD9C891-CA1E-4DD5-9100-EDA0C67337CC}.Release|Any CPU.ActiveCfg = Release|Any CPU
		{AFD9C891-CA1E-4DD5-9100-EDA0C67337CC}.Release|Any CPU.Build.0 = Release|Any CPU
		{AFD9C891-CA1E-4DD5-9100-EDA0C67337CC}.Release|x64.ActiveCfg = Release|Any CPU
		{AFD9C891-CA1E-4DD5-9100-EDA0C67337CC}.Release|x64.Build.0 = Release|Any CPU
		{AFD9C891-CA1E-4DD5-9100-EDA0C67337CC}.Release|x86.ActiveCfg = Release|Any CPU
		{AFD9C891-CA1E-4DD5-9100-EDA0C67337CC}.Release|x86.Build.0 = Release|Any CPU
		{4E61CE61-D156-4A96-B6F3-A8ED08ABE952}.Debug|Any CPU.ActiveCfg = Debug|Any CPU
		{4E61CE61-D156-4A96-B6F3-A8ED08ABE952}.Debug|Any CPU.Build.0 = Debug|Any CPU
		{4E61CE61-D156-4A96-B6F3-A8ED08ABE952}.Debug|x64.ActiveCfg = Debug|Any CPU
		{4E61CE61-D156-4A96-B6F3-A8ED08ABE952}.Debug|x64.Build.0 = Debug|Any CPU
		{4E61CE61-D156-4A96-B6F3-A8ED08ABE952}.Debug|x86.ActiveCfg = Debug|Any CPU
		{4E61CE61-D156-4A96-B6F3-A8ED08ABE952}.Debug|x86.Build.0 = Debug|Any CPU
		{4E61CE61-D156-4A96-B6F3-A8ED08ABE952}.Release|Any CPU.ActiveCfg = Release|Any CPU
		{4E61CE61-D156-4A96-B6F3-A8ED08ABE952}.Release|Any CPU.Build.0 = Release|Any CPU
		{4E61CE61-D156-4A96-B6F3-A8ED08ABE952}.Release|x64.ActiveCfg = Release|Any CPU
		{4E61CE61-D156-4A96-B6F3-A8ED08ABE952}.Release|x64.Build.0 = Release|Any CPU
		{4E61CE61-D156-4A96-B6F3-A8ED08ABE952}.Release|x86.ActiveCfg = Release|Any CPU
		{4E61CE61-D156-4A96-B6F3-A8ED08ABE952}.Release|x86.Build.0 = Release|Any CPU
		{411C703B-02EC-4784-B97B-592537CABF90}.Debug|Any CPU.ActiveCfg = Debug|Any CPU
		{411C703B-02EC-4784-B97B-592537CABF90}.Debug|Any CPU.Build.0 = Debug|Any CPU
		{411C703B-02EC-4784-B97B-592537CABF90}.Debug|x64.ActiveCfg = Debug|Any CPU
		{411C703B-02EC-4784-B97B-592537CABF90}.Debug|x64.Build.0 = Debug|Any CPU
		{411C703B-02EC-4784-B97B-592537CABF90}.Debug|x86.ActiveCfg = Debug|Any CPU
		{411C703B-02EC-4784-B97B-592537CABF90}.Debug|x86.Build.0 = Debug|Any CPU
		{411C703B-02EC-4784-B97B-592537CABF90}.Release|Any CPU.ActiveCfg = Release|Any CPU
		{411C703B-02EC-4784-B97B-592537CABF90}.Release|Any CPU.Build.0 = Release|Any CPU
		{411C703B-02EC-4784-B97B-592537CABF90}.Release|x64.ActiveCfg = Release|Any CPU
		{411C703B-02EC-4784-B97B-592537CABF90}.Release|x64.Build.0 = Release|Any CPU
		{411C703B-02EC-4784-B97B-592537CABF90}.Release|x86.ActiveCfg = Release|Any CPU
		{411C703B-02EC-4784-B97B-592537CABF90}.Release|x86.Build.0 = Release|Any CPU
		{2DBF4EBA-80E2-4256-822F-7247A05CB9F9}.Debug|Any CPU.ActiveCfg = Debug|Any CPU
		{2DBF4EBA-80E2-4256-822F-7247A05CB9F9}.Debug|Any CPU.Build.0 = Debug|Any CPU
		{2DBF4EBA-80E2-4256-822F-7247A05CB9F9}.Debug|x64.ActiveCfg = Debug|Any CPU
		{2DBF4EBA-80E2-4256-822F-7247A05CB9F9}.Debug|x64.Build.0 = Debug|Any CPU
		{2DBF4EBA-80E2-4256-822F-7247A05CB9F9}.Debug|x86.ActiveCfg = Debug|Any CPU
		{2DBF4EBA-80E2-4256-822F-7247A05CB9F9}.Debug|x86.Build.0 = Debug|Any CPU
		{2DBF4EBA-80E2-4256-822F-7247A05CB9F9}.Release|Any CPU.ActiveCfg = Release|Any CPU
		{2DBF4EBA-80E2-4256-822F-7247A05CB9F9}.Release|Any CPU.Build.0 = Release|Any CPU
		{2DBF4EBA-80E2-4256-822F-7247A05CB9F9}.Release|x64.ActiveCfg = Release|Any CPU
		{2DBF4EBA-80E2-4256-822F-7247A05CB9F9}.Release|x64.Build.0 = Release|Any CPU
		{2DBF4EBA-80E2-4256-822F-7247A05CB9F9}.Release|x86.ActiveCfg = Release|Any CPU
		{2DBF4EBA-80E2-4256-822F-7247A05CB9F9}.Release|x86.Build.0 = Release|Any CPU
		{53870AF0-5DF4-4EBE-9D30-02E598BF738B}.Debug|Any CPU.ActiveCfg = Debug|Any CPU
		{53870AF0-5DF4-4EBE-9D30-02E598BF738B}.Debug|Any CPU.Build.0 = Debug|Any CPU
		{53870AF0-5DF4-4EBE-9D30-02E598BF738B}.Debug|x64.ActiveCfg = Debug|Any CPU
		{53870AF0-5DF4-4EBE-9D30-02E598BF738B}.Debug|x64.Build.0 = Debug|Any CPU
		{53870AF0-5DF4-4EBE-9D30-02E598BF738B}.Debug|x86.ActiveCfg = Debug|Any CPU
		{53870AF0-5DF4-4EBE-9D30-02E598BF738B}.Debug|x86.Build.0 = Debug|Any CPU
		{53870AF0-5DF4-4EBE-9D30-02E598BF738B}.Release|Any CPU.ActiveCfg = Release|Any CPU
		{53870AF0-5DF4-4EBE-9D30-02E598BF738B}.Release|Any CPU.Build.0 = Release|Any CPU
		{53870AF0-5DF4-4EBE-9D30-02E598BF738B}.Release|x64.ActiveCfg = Release|Any CPU
		{53870AF0-5DF4-4EBE-9D30-02E598BF738B}.Release|x64.Build.0 = Release|Any CPU
		{53870AF0-5DF4-4EBE-9D30-02E598BF738B}.Release|x86.ActiveCfg = Release|Any CPU
		{53870AF0-5DF4-4EBE-9D30-02E598BF738B}.Release|x86.Build.0 = Release|Any CPU
		{84BD587E-DA0D-4922-ADDF-CA751301928D}.Debug|Any CPU.ActiveCfg = Debug|Any CPU
		{84BD587E-DA0D-4922-ADDF-CA751301928D}.Debug|Any CPU.Build.0 = Debug|Any CPU
		{84BD587E-DA0D-4922-ADDF-CA751301928D}.Debug|x64.ActiveCfg = Debug|Any CPU
		{84BD587E-DA0D-4922-ADDF-CA751301928D}.Debug|x64.Build.0 = Debug|Any CPU
		{84BD587E-DA0D-4922-ADDF-CA751301928D}.Debug|x86.ActiveCfg = Debug|Any CPU
		{84BD587E-DA0D-4922-ADDF-CA751301928D}.Debug|x86.Build.0 = Debug|Any CPU
		{84BD587E-DA0D-4922-ADDF-CA751301928D}.Release|Any CPU.ActiveCfg = Release|Any CPU
		{84BD587E-DA0D-4922-ADDF-CA751301928D}.Release|Any CPU.Build.0 = Release|Any CPU
		{84BD587E-DA0D-4922-ADDF-CA751301928D}.Release|x64.ActiveCfg = Release|Any CPU
		{84BD587E-DA0D-4922-ADDF-CA751301928D}.Release|x64.Build.0 = Release|Any CPU
		{84BD587E-DA0D-4922-ADDF-CA751301928D}.Release|x86.ActiveCfg = Release|Any CPU
		{84BD587E-DA0D-4922-ADDF-CA751301928D}.Release|x86.Build.0 = Release|Any CPU
		{8EB7503A-4C07-4DBC-A04A-2534EA26CFDC}.Debug|Any CPU.ActiveCfg = Debug|Any CPU
		{8EB7503A-4C07-4DBC-A04A-2534EA26CFDC}.Debug|Any CPU.Build.0 = Debug|Any CPU
		{8EB7503A-4C07-4DBC-A04A-2534EA26CFDC}.Debug|x64.ActiveCfg = Debug|Any CPU
		{8EB7503A-4C07-4DBC-A04A-2534EA26CFDC}.Debug|x64.Build.0 = Debug|Any CPU
		{8EB7503A-4C07-4DBC-A04A-2534EA26CFDC}.Debug|x86.ActiveCfg = Debug|Any CPU
		{8EB7503A-4C07-4DBC-A04A-2534EA26CFDC}.Debug|x86.Build.0 = Debug|Any CPU
		{8EB7503A-4C07-4DBC-A04A-2534EA26CFDC}.Release|Any CPU.ActiveCfg = Release|Any CPU
		{8EB7503A-4C07-4DBC-A04A-2534EA26CFDC}.Release|Any CPU.Build.0 = Release|Any CPU
		{8EB7503A-4C07-4DBC-A04A-2534EA26CFDC}.Release|x64.ActiveCfg = Release|Any CPU
		{8EB7503A-4C07-4DBC-A04A-2534EA26CFDC}.Release|x64.Build.0 = Release|Any CPU
		{8EB7503A-4C07-4DBC-A04A-2534EA26CFDC}.Release|x86.ActiveCfg = Release|Any CPU
		{8EB7503A-4C07-4DBC-A04A-2534EA26CFDC}.Release|x86.Build.0 = Release|Any CPU
		{7B93459E-204B-4FD0-A769-39FBFC7AC1C6}.Debug|Any CPU.ActiveCfg = Debug|Any CPU
		{7B93459E-204B-4FD0-A769-39FBFC7AC1C6}.Debug|Any CPU.Build.0 = Debug|Any CPU
		{7B93459E-204B-4FD0-A769-39FBFC7AC1C6}.Debug|x64.ActiveCfg = Debug|Any CPU
		{7B93459E-204B-4FD0-A769-39FBFC7AC1C6}.Debug|x64.Build.0 = Debug|Any CPU
		{7B93459E-204B-4FD0-A769-39FBFC7AC1C6}.Debug|x86.ActiveCfg = Debug|Any CPU
		{7B93459E-204B-4FD0-A769-39FBFC7AC1C6}.Debug|x86.Build.0 = Debug|Any CPU
		{7B93459E-204B-4FD0-A769-39FBFC7AC1C6}.Release|Any CPU.ActiveCfg = Release|Any CPU
		{7B93459E-204B-4FD0-A769-39FBFC7AC1C6}.Release|Any CPU.Build.0 = Release|Any CPU
		{7B93459E-204B-4FD0-A769-39FBFC7AC1C6}.Release|x64.ActiveCfg = Release|Any CPU
		{7B93459E-204B-4FD0-A769-39FBFC7AC1C6}.Release|x64.Build.0 = Release|Any CPU
		{7B93459E-204B-4FD0-A769-39FBFC7AC1C6}.Release|x86.ActiveCfg = Release|Any CPU
		{7B93459E-204B-4FD0-A769-39FBFC7AC1C6}.Release|x86.Build.0 = Release|Any CPU
		{C9B9D47D-F813-4562-AB83-86BE15BC0BD4}.Debug|Any CPU.ActiveCfg = Debug|Any CPU
		{C9B9D47D-F813-4562-AB83-86BE15BC0BD4}.Debug|Any CPU.Build.0 = Debug|Any CPU
		{C9B9D47D-F813-4562-AB83-86BE15BC0BD4}.Debug|x64.ActiveCfg = Debug|Any CPU
		{C9B9D47D-F813-4562-AB83-86BE15BC0BD4}.Debug|x64.Build.0 = Debug|Any CPU
		{C9B9D47D-F813-4562-AB83-86BE15BC0BD4}.Debug|x86.ActiveCfg = Debug|Any CPU
		{C9B9D47D-F813-4562-AB83-86BE15BC0BD4}.Debug|x86.Build.0 = Debug|Any CPU
		{C9B9D47D-F813-4562-AB83-86BE15BC0BD4}.Release|Any CPU.ActiveCfg = Release|Any CPU
		{C9B9D47D-F813-4562-AB83-86BE15BC0BD4}.Release|Any CPU.Build.0 = Release|Any CPU
		{C9B9D47D-F813-4562-AB83-86BE15BC0BD4}.Release|x64.ActiveCfg = Release|Any CPU
		{C9B9D47D-F813-4562-AB83-86BE15BC0BD4}.Release|x64.Build.0 = Release|Any CPU
		{C9B9D47D-F813-4562-AB83-86BE15BC0BD4}.Release|x86.ActiveCfg = Release|Any CPU
		{C9B9D47D-F813-4562-AB83-86BE15BC0BD4}.Release|x86.Build.0 = Release|Any CPU
		{926429A3-66EB-4ABC-99BA-9B7D33AA7B67}.Debug|Any CPU.ActiveCfg = Debug|Any CPU
		{926429A3-66EB-4ABC-99BA-9B7D33AA7B67}.Debug|Any CPU.Build.0 = Debug|Any CPU
		{926429A3-66EB-4ABC-99BA-9B7D33AA7B67}.Debug|x64.ActiveCfg = Debug|Any CPU
		{926429A3-66EB-4ABC-99BA-9B7D33AA7B67}.Debug|x64.Build.0 = Debug|Any CPU
		{926429A3-66EB-4ABC-99BA-9B7D33AA7B67}.Debug|x86.ActiveCfg = Debug|Any CPU
		{926429A3-66EB-4ABC-99BA-9B7D33AA7B67}.Debug|x86.Build.0 = Debug|Any CPU
		{926429A3-66EB-4ABC-99BA-9B7D33AA7B67}.Release|Any CPU.ActiveCfg = Release|Any CPU
		{926429A3-66EB-4ABC-99BA-9B7D33AA7B67}.Release|Any CPU.Build.0 = Release|Any CPU
		{926429A3-66EB-4ABC-99BA-9B7D33AA7B67}.Release|x64.ActiveCfg = Release|Any CPU
		{926429A3-66EB-4ABC-99BA-9B7D33AA7B67}.Release|x64.Build.0 = Release|Any CPU
		{926429A3-66EB-4ABC-99BA-9B7D33AA7B67}.Release|x86.ActiveCfg = Release|Any CPU
		{926429A3-66EB-4ABC-99BA-9B7D33AA7B67}.Release|x86.Build.0 = Release|Any CPU
		{D67E3FF8-D5A5-4E26-91DE-2EA928970C27}.Debug|Any CPU.ActiveCfg = Debug|Any CPU
		{D67E3FF8-D5A5-4E26-91DE-2EA928970C27}.Debug|Any CPU.Build.0 = Debug|Any CPU
		{D67E3FF8-D5A5-4E26-91DE-2EA928970C27}.Debug|x64.ActiveCfg = Debug|Any CPU
		{D67E3FF8-D5A5-4E26-91DE-2EA928970C27}.Debug|x64.Build.0 = Debug|Any CPU
		{D67E3FF8-D5A5-4E26-91DE-2EA928970C27}.Debug|x86.ActiveCfg = Debug|Any CPU
		{D67E3FF8-D5A5-4E26-91DE-2EA928970C27}.Debug|x86.Build.0 = Debug|Any CPU
		{D67E3FF8-D5A5-4E26-91DE-2EA928970C27}.Release|Any CPU.ActiveCfg = Release|Any CPU
		{D67E3FF8-D5A5-4E26-91DE-2EA928970C27}.Release|Any CPU.Build.0 = Release|Any CPU
		{D67E3FF8-D5A5-4E26-91DE-2EA928970C27}.Release|x64.ActiveCfg = Release|Any CPU
		{D67E3FF8-D5A5-4E26-91DE-2EA928970C27}.Release|x64.Build.0 = Release|Any CPU
		{D67E3FF8-D5A5-4E26-91DE-2EA928970C27}.Release|x86.ActiveCfg = Release|Any CPU
		{D67E3FF8-D5A5-4E26-91DE-2EA928970C27}.Release|x86.Build.0 = Release|Any CPU
		{D3FD4FB4-980E-443B-BE60-FF3A3EDEE60E}.Debug|Any CPU.ActiveCfg = Debug|Any CPU
		{D3FD4FB4-980E-443B-BE60-FF3A3EDEE60E}.Debug|Any CPU.Build.0 = Debug|Any CPU
		{D3FD4FB4-980E-443B-BE60-FF3A3EDEE60E}.Debug|x64.ActiveCfg = Debug|Any CPU
		{D3FD4FB4-980E-443B-BE60-FF3A3EDEE60E}.Debug|x64.Build.0 = Debug|Any CPU
		{D3FD4FB4-980E-443B-BE60-FF3A3EDEE60E}.Debug|x86.ActiveCfg = Debug|Any CPU
		{D3FD4FB4-980E-443B-BE60-FF3A3EDEE60E}.Debug|x86.Build.0 = Debug|Any CPU
		{D3FD4FB4-980E-443B-BE60-FF3A3EDEE60E}.Release|Any CPU.ActiveCfg = Release|Any CPU
		{D3FD4FB4-980E-443B-BE60-FF3A3EDEE60E}.Release|Any CPU.Build.0 = Release|Any CPU
		{D3FD4FB4-980E-443B-BE60-FF3A3EDEE60E}.Release|x64.ActiveCfg = Release|Any CPU
		{D3FD4FB4-980E-443B-BE60-FF3A3EDEE60E}.Release|x64.Build.0 = Release|Any CPU
		{D3FD4FB4-980E-443B-BE60-FF3A3EDEE60E}.Release|x86.ActiveCfg = Release|Any CPU
		{D3FD4FB4-980E-443B-BE60-FF3A3EDEE60E}.Release|x86.Build.0 = Release|Any CPU
		{AB901ED8-35C8-4BCD-87E6-32CE386330A6}.Debug|Any CPU.ActiveCfg = Debug|Any CPU
		{AB901ED8-35C8-4BCD-87E6-32CE386330A6}.Debug|Any CPU.Build.0 = Debug|Any CPU
		{AB901ED8-35C8-4BCD-87E6-32CE386330A6}.Debug|x64.ActiveCfg = Debug|Any CPU
		{AB901ED8-35C8-4BCD-87E6-32CE386330A6}.Debug|x64.Build.0 = Debug|Any CPU
		{AB901ED8-35C8-4BCD-87E6-32CE386330A6}.Debug|x86.ActiveCfg = Debug|Any CPU
		{AB901ED8-35C8-4BCD-87E6-32CE386330A6}.Debug|x86.Build.0 = Debug|Any CPU
		{AB901ED8-35C8-4BCD-87E6-32CE386330A6}.Release|Any CPU.ActiveCfg = Release|Any CPU
		{AB901ED8-35C8-4BCD-87E6-32CE386330A6}.Release|Any CPU.Build.0 = Release|Any CPU
		{AB901ED8-35C8-4BCD-87E6-32CE386330A6}.Release|x64.ActiveCfg = Release|Any CPU
		{AB901ED8-35C8-4BCD-87E6-32CE386330A6}.Release|x64.Build.0 = Release|Any CPU
		{AB901ED8-35C8-4BCD-87E6-32CE386330A6}.Release|x86.ActiveCfg = Release|Any CPU
		{AB901ED8-35C8-4BCD-87E6-32CE386330A6}.Release|x86.Build.0 = Release|Any CPU
		{AFCA2707-87BA-4703-8F92-634A9F186383}.Debug|Any CPU.ActiveCfg = Debug|Any CPU
		{AFCA2707-87BA-4703-8F92-634A9F186383}.Debug|Any CPU.Build.0 = Debug|Any CPU
		{AFCA2707-87BA-4703-8F92-634A9F186383}.Debug|x64.ActiveCfg = Debug|Any CPU
		{AFCA2707-87BA-4703-8F92-634A9F186383}.Debug|x64.Build.0 = Debug|Any CPU
		{AFCA2707-87BA-4703-8F92-634A9F186383}.Debug|x86.ActiveCfg = Debug|Any CPU
		{AFCA2707-87BA-4703-8F92-634A9F186383}.Debug|x86.Build.0 = Debug|Any CPU
		{AFCA2707-87BA-4703-8F92-634A9F186383}.Release|Any CPU.ActiveCfg = Release|Any CPU
		{AFCA2707-87BA-4703-8F92-634A9F186383}.Release|Any CPU.Build.0 = Release|Any CPU
		{AFCA2707-87BA-4703-8F92-634A9F186383}.Release|x64.ActiveCfg = Release|Any CPU
		{AFCA2707-87BA-4703-8F92-634A9F186383}.Release|x64.Build.0 = Release|Any CPU
		{AFCA2707-87BA-4703-8F92-634A9F186383}.Release|x86.ActiveCfg = Release|Any CPU
		{AFCA2707-87BA-4703-8F92-634A9F186383}.Release|x86.Build.0 = Release|Any CPU
	EndGlobalSection
	GlobalSection(SolutionProperties) = preSolution
		HideSolutionNode = FALSE
	EndGlobalSection
	GlobalSection(ExtensibilityGlobals) = postSolution
		SolutionGuid = {CC1B861C-9C69-4F9F-B2C3-28799C360F25}
	EndGlobalSection
EndGlobal
